// !$*UTF8*$!
{
	archiveVersion = 1;
	classes = {
	};
	objectVersion = 48;
	objects = {

/* Begin PBXBuildFile section */
		8292F4FB4354A30EBD036CEE /* libPods-BindingDemoRN.a in Frameworks */ = {isa = PBXBuildFile; fileRef = A30E027CDFED98EFBEC62C2D /* libPods-BindingDemoRN.a */; };
		D988D806200303AB00A87F3E /* AppDelegate.m in Sources */ = {isa = PBXBuildFile; fileRef = D988D805200303AB00A87F3E /* AppDelegate.m */; };
		D988D80E200303AB00A87F3E /* Assets.xcassets in Resources */ = {isa = PBXBuildFile; fileRef = D988D80D200303AB00A87F3E /* Assets.xcassets */; };
		D988D811200303AB00A87F3E /* LaunchScreen.storyboard in Resources */ = {isa = PBXBuildFile; fileRef = D988D80F200303AB00A87F3E /* LaunchScreen.storyboard */; };
		D988D814200303AB00A87F3E /* main.m in Sources */ = {isa = PBXBuildFile; fileRef = D988D813200303AB00A87F3E /* main.m */; };
/* End PBXBuildFile section */

/* Begin PBXFileReference section */
		A30E027CDFED98EFBEC62C2D /* libPods-BindingDemoRN.a */ = {isa = PBXFileReference; explicitFileType = archive.ar; includeInIndex = 0; path = "libPods-BindingDemoRN.a"; sourceTree = BUILT_PRODUCTS_DIR; };
		B2AC95CA845AF3A27F535E15 /* Pods-BindingDemoRN.release.xcconfig */ = {isa = PBXFileReference; includeInIndex = 1; lastKnownFileType = text.xcconfig; name = "Pods-BindingDemoRN.release.xcconfig"; path = "Pods/Target Support Files/Pods-BindingDemoRN/Pods-BindingDemoRN.release.xcconfig"; sourceTree = "<group>"; };
		D71B21AB1DE14263808C299F /* Pods-BindingDemoRN.debug.xcconfig */ = {isa = PBXFileReference; includeInIndex = 1; lastKnownFileType = text.xcconfig; name = "Pods-BindingDemoRN.debug.xcconfig"; path = "Pods/Target Support Files/Pods-BindingDemoRN/Pods-BindingDemoRN.debug.xcconfig"; sourceTree = "<group>"; };
		D988D801200303AB00A87F3E /* BindingDemoRN.app */ = {isa = PBXFileReference; explicitFileType = wrapper.application; includeInIndex = 0; path = BindingDemoRN.app; sourceTree = BUILT_PRODUCTS_DIR; };
		D988D804200303AB00A87F3E /* AppDelegate.h */ = {isa = PBXFileReference; lastKnownFileType = sourcecode.c.h; path = AppDelegate.h; sourceTree = "<group>"; };
		D988D805200303AB00A87F3E /* AppDelegate.m */ = {isa = PBXFileReference; lastKnownFileType = sourcecode.c.objc; path = AppDelegate.m; sourceTree = "<group>"; };
		D988D80D200303AB00A87F3E /* Assets.xcassets */ = {isa = PBXFileReference; lastKnownFileType = folder.assetcatalog; path = Assets.xcassets; sourceTree = "<group>"; };
		D988D810200303AB00A87F3E /* Base */ = {isa = PBXFileReference; lastKnownFileType = file.storyboard; name = Base; path = Base.lproj/LaunchScreen.storyboard; sourceTree = "<group>"; };
		D988D812200303AB00A87F3E /* Info.plist */ = {isa = PBXFileReference; lastKnownFileType = text.plist.xml; path = Info.plist; sourceTree = "<group>"; };
		D988D813200303AB00A87F3E /* main.m */ = {isa = PBXFileReference; lastKnownFileType = sourcecode.c.objc; path = main.m; sourceTree = "<group>"; };
/* End PBXFileReference section */

/* Begin PBXFrameworksBuildPhase section */
		D988D7FE200303AB00A87F3E /* Frameworks */ = {
			isa = PBXFrameworksBuildPhase;
			buildActionMask = 2147483647;
			files = (
				8292F4FB4354A30EBD036CEE /* libPods-BindingDemoRN.a in Frameworks */,
			);
			runOnlyForDeploymentPostprocessing = 0;
		};
/* End PBXFrameworksBuildPhase section */

/* Begin PBXGroup section */
		D988D7F8200303AB00A87F3E = {
			isa = PBXGroup;
			children = (
				D988D803200303AB00A87F3E /* BindingDemoRN */,
				D988D802200303AB00A87F3E /* Products */,
				DB399CE367C090246A3D3006 /* Pods */,
				F9FD132BCA447FEC604A2D27 /* Frameworks */,
			);
			sourceTree = "<group>";
		};
		D988D802200303AB00A87F3E /* Products */ = {
			isa = PBXGroup;
			children = (
				D988D801200303AB00A87F3E /* BindingDemoRN.app */,
			);
			name = Products;
			sourceTree = "<group>";
		};
		D988D803200303AB00A87F3E /* BindingDemoRN */ = {
			isa = PBXGroup;
			children = (
				D988D804200303AB00A87F3E /* AppDelegate.h */,
				D988D805200303AB00A87F3E /* AppDelegate.m */,
				D988D80D200303AB00A87F3E /* Assets.xcassets */,
				D988D80F200303AB00A87F3E /* LaunchScreen.storyboard */,
				D988D812200303AB00A87F3E /* Info.plist */,
				D988D813200303AB00A87F3E /* main.m */,
			);
			path = BindingDemoRN;
			sourceTree = "<group>";
		};
		DB399CE367C090246A3D3006 /* Pods */ = {
			isa = PBXGroup;
			children = (
				D71B21AB1DE14263808C299F /* Pods-BindingDemoRN.debug.xcconfig */,
				B2AC95CA845AF3A27F535E15 /* Pods-BindingDemoRN.release.xcconfig */,
			);
			name = Pods;
			sourceTree = "<group>";
		};
		F9FD132BCA447FEC604A2D27 /* Frameworks */ = {
			isa = PBXGroup;
			children = (
				A30E027CDFED98EFBEC62C2D /* libPods-BindingDemoRN.a */,
			);
			name = Frameworks;
			sourceTree = "<group>";
		};
/* End PBXGroup section */

/* Begin PBXNativeTarget section */
		D988D800200303AB00A87F3E /* BindingDemoRN */ = {
			isa = PBXNativeTarget;
			buildConfigurationList = D988D817200303AB00A87F3E /* Build configuration list for PBXNativeTarget "BindingDemoRN" */;
			buildPhases = (
				59FF367665CB46EB27D4CE12 /* [CP] Check Pods Manifest.lock */,
				D988D7FD200303AB00A87F3E /* Sources */,
				D988D7FE200303AB00A87F3E /* Frameworks */,
				D988D7FF200303AB00A87F3E /* Resources */,
				A82D487DC7FC202C6040B5A1 /* [CP] Embed Pods Frameworks */,
				B83B3C5A9CDEDEA9A49F9FE4 /* [CP] Copy Pods Resources */,
			);
			buildRules = (
			);
			dependencies = (
			);
			name = BindingDemoRN;
			productName = BindingDemoRN;
			productReference = D988D801200303AB00A87F3E /* BindingDemoRN.app */;
			productType = "com.apple.product-type.application";
		};
/* End PBXNativeTarget section */

/* Begin PBXProject section */
		D988D7F9200303AB00A87F3E /* Project object */ = {
			isa = PBXProject;
			attributes = {
				LastUpgradeCheck = 0920;
				ORGANIZATIONNAME = Alibaba;
				TargetAttributes = {
					D988D800200303AB00A87F3E = {
						CreatedOnToolsVersion = 9.2;
						LastSwiftMigration = 0920;
						ProvisioningStyle = Automatic;
					};
				};
			};
			buildConfigurationList = D988D7FC200303AB00A87F3E /* Build configuration list for PBXProject "BindingDemoRN" */;
			compatibilityVersion = "Xcode 8.0";
			developmentRegion = en;
			hasScannedForEncodings = 0;
			knownRegions = (
				en,
				Base,
			);
			mainGroup = D988D7F8200303AB00A87F3E;
			productRefGroup = D988D802200303AB00A87F3E /* Products */;
			projectDirPath = "";
			projectRoot = "";
			targets = (
				D988D800200303AB00A87F3E /* BindingDemoRN */,
			);
		};
/* End PBXProject section */

/* Begin PBXResourcesBuildPhase section */
		D988D7FF200303AB00A87F3E /* Resources */ = {
			isa = PBXResourcesBuildPhase;
			buildActionMask = 2147483647;
			files = (
				D988D811200303AB00A87F3E /* LaunchScreen.storyboard in Resources */,
				D988D80E200303AB00A87F3E /* Assets.xcassets in Resources */,
			);
			runOnlyForDeploymentPostprocessing = 0;
		};
/* End PBXResourcesBuildPhase section */

/* Begin PBXShellScriptBuildPhase section */
		59FF367665CB46EB27D4CE12 /* [CP] Check Pods Manifest.lock */ = {
			isa = PBXShellScriptBuildPhase;
			buildActionMask = 2147483647;
			files = (
			);
			inputPaths = (
				"${PODS_PODFILE_DIR_PATH}/Podfile.lock",
				"${PODS_ROOT}/Manifest.lock",
			);
			name = "[CP] Check Pods Manifest.lock";
			outputPaths = (
				"$(DERIVED_FILE_DIR)/Pods-BindingDemoRN-checkManifestLockResult.txt",
			);
			runOnlyForDeploymentPostprocessing = 0;
			shellPath = /bin/sh;
			shellScript = "diff \"${PODS_PODFILE_DIR_PATH}/Podfile.lock\" \"${PODS_ROOT}/Manifest.lock\" > /dev/null\nif [ $? != 0 ] ; then\n    # print error to STDERR\n    echo \"error: The sandbox is not in sync with the Podfile.lock. Run 'pod install' or update your CocoaPods installation.\" >&2\n    exit 1\nfi\n# This output is used by Xcode 'outputs' to avoid re-running this script phase.\necho \"SUCCESS\" > \"${SCRIPT_OUTPUT_FILE_0}\"\n";
			showEnvVarsInLog = 0;
		};
		A82D487DC7FC202C6040B5A1 /* [CP] Embed Pods Frameworks */ = {
			isa = PBXShellScriptBuildPhase;
			buildActionMask = 2147483647;
			files = (
			);
			inputPaths = (
			);
			name = "[CP] Embed Pods Frameworks";
			outputPaths = (
			);
			runOnlyForDeploymentPostprocessing = 0;
			shellPath = /bin/sh;
			shellScript = "\"${SRCROOT}/Pods/Target Support Files/Pods-BindingDemoRN/Pods-BindingDemoRN-frameworks.sh\"\n";
			showEnvVarsInLog = 0;
		};
		B83B3C5A9CDEDEA9A49F9FE4 /* [CP] Copy Pods Resources */ = {
			isa = PBXShellScriptBuildPhase;
			buildActionMask = 2147483647;
			files = (
			);
			inputPaths = (
			);
			name = "[CP] Copy Pods Resources";
			outputPaths = (
			);
			runOnlyForDeploymentPostprocessing = 0;
			shellPath = /bin/sh;
			shellScript = "\"${SRCROOT}/Pods/Target Support Files/Pods-BindingDemoRN/Pods-BindingDemoRN-resources.sh\"\n";
			showEnvVarsInLog = 0;
		};
/* End PBXShellScriptBuildPhase section */

/* Begin PBXSourcesBuildPhase section */
		D988D7FD200303AB00A87F3E /* Sources */ = {
			isa = PBXSourcesBuildPhase;
			buildActionMask = 2147483647;
			files = (
				D988D814200303AB00A87F3E /* main.m in Sources */,
				D988D806200303AB00A87F3E /* AppDelegate.m in Sources */,
			);
			runOnlyForDeploymentPostprocessing = 0;
		};
/* End PBXSourcesBuildPhase section */

/* Begin PBXVariantGroup section */
		D988D80F200303AB00A87F3E /* LaunchScreen.storyboard */ = {
			isa = PBXVariantGroup;
			children = (
				D988D810200303AB00A87F3E /* Base */,
			);
			name = LaunchScreen.storyboard;
			sourceTree = "<group>";
		};
/* End PBXVariantGroup section */

/* Begin XCBuildConfiguration section */
		D988D815200303AB00A87F3E /* Debug */ = {
			isa = XCBuildConfiguration;
			buildSettings = {
				ALWAYS_SEARCH_USER_PATHS = NO;
				CLANG_ANALYZER_NONNULL = YES;
				CLANG_ANALYZER_NUMBER_OBJECT_CONVERSION = YES_AGGRESSIVE;
				CLANG_CXX_LANGUAGE_STANDARD = "gnu++14";
				CLANG_CXX_LIBRARY = "libc++";
				CLANG_ENABLE_MODULES = YES;
				CLANG_ENABLE_OBJC_ARC = YES;
				CLANG_WARN_BLOCK_CAPTURE_AUTORELEASING = YES;
				CLANG_WARN_BOOL_CONVERSION = YES;
				CLANG_WARN_COMMA = YES;
				CLANG_WARN_CONSTANT_CONVERSION = YES;
				CLANG_WARN_DIRECT_OBJC_ISA_USAGE = YES_ERROR;
				CLANG_WARN_DOCUMENTATION_COMMENTS = YES;
				CLANG_WARN_EMPTY_BODY = YES;
				CLANG_WARN_ENUM_CONVERSION = YES;
				CLANG_WARN_INFINITE_RECURSION = YES;
				CLANG_WARN_INT_CONVERSION = YES;
				CLANG_WARN_NON_LITERAL_NULL_CONVERSION = YES;
				CLANG_WARN_OBJC_LITERAL_CONVERSION = YES;
				CLANG_WARN_OBJC_ROOT_CLASS = YES_ERROR;
				CLANG_WARN_RANGE_LOOP_ANALYSIS = YES;
				CLANG_WARN_STRICT_PROTOTYPES = YES;
				CLANG_WARN_SUSPICIOUS_MOVE = YES;
				CLANG_WARN_UNGUARDED_AVAILABILITY = YES_AGGRESSIVE;
				CLANG_WARN_UNREACHABLE_CODE = YES;
				CLANG_WARN__DUPLICATE_METHOD_MATCH = YES;
				CODE_SIGN_IDENTITY = "iPhone Developer";
				COPY_PHASE_STRIP = NO;
				DEBUG_INFORMATION_FORMAT = dwarf;
				ENABLE_STRICT_OBJC_MSGSEND = YES;
				ENABLE_TESTABILITY = YES;
				GCC_C_LANGUAGE_STANDARD = gnu11;
				GCC_DYNAMIC_NO_PIC = NO;
				GCC_NO_COMMON_BLOCKS = YES;
				GCC_OPTIMIZATION_LEVEL = 0;
				GCC_PREPROCESSOR_DEFINITIONS = (
					"DEBUG=1",
					"$(inherited)",
				);
				GCC_WARN_64_TO_32_BIT_CONVERSION = YES;
				GCC_WARN_ABOUT_RETURN_TYPE = YES_ERROR;
				GCC_WARN_UNDECLARED_SELECTOR = YES;
				GCC_WARN_UNINITIALIZED_AUTOS = YES_AGGRESSIVE;
				GCC_WARN_UNUSED_FUNCTION = YES;
				GCC_WARN_UNUSED_VARIABLE = YES;
				IPHONEOS_DEPLOYMENT_TARGET = 8.0;
				MTL_ENABLE_DEBUG_INFO = YES;
				ONLY_ACTIVE_ARCH = YES;
				SDKROOT = iphoneos;
			};
			name = Debug;
		};
		D988D816200303AB00A87F3E /* Release */ = {
			isa = XCBuildConfiguration;
			buildSettings = {
				ALWAYS_SEARCH_USER_PATHS = NO;
				CLANG_ANALYZER_NONNULL = YES;
				CLANG_ANALYZER_NUMBER_OBJECT_CONVERSION = YES_AGGRESSIVE;
				CLANG_CXX_LANGUAGE_STANDARD = "gnu++14";
				CLANG_CXX_LIBRARY = "libc++";
				CLANG_ENABLE_MODULES = YES;
				CLANG_ENABLE_OBJC_ARC = YES;
				CLANG_WARN_BLOCK_CAPTURE_AUTORELEASING = YES;
				CLANG_WARN_BOOL_CONVERSION = YES;
				CLANG_WARN_COMMA = YES;
				CLANG_WARN_CONSTANT_CONVERSION = YES;
				CLANG_WARN_DIRECT_OBJC_ISA_USAGE = YES_ERROR;
				CLANG_WARN_DOCUMENTATION_COMMENTS = YES;
				CLANG_WARN_EMPTY_BODY = YES;
				CLANG_WARN_ENUM_CONVERSION = YES;
				CLANG_WARN_INFINITE_RECURSION = YES;
				CLANG_WARN_INT_CONVERSION = YES;
				CLANG_WARN_NON_LITERAL_NULL_CONVERSION = YES;
				CLANG_WARN_OBJC_LITERAL_CONVERSION = YES;
				CLANG_WARN_OBJC_ROOT_CLASS = YES_ERROR;
				CLANG_WARN_RANGE_LOOP_ANALYSIS = YES;
				CLANG_WARN_STRICT_PROTOTYPES = YES;
				CLANG_WARN_SUSPICIOUS_MOVE = YES;
				CLANG_WARN_UNGUARDED_AVAILABILITY = YES_AGGRESSIVE;
				CLANG_WARN_UNREACHABLE_CODE = YES;
				CLANG_WARN__DUPLICATE_METHOD_MATCH = YES;
				CODE_SIGN_IDENTITY = "iPhone Developer";
				COPY_PHASE_STRIP = NO;
				DEBUG_INFORMATION_FORMAT = "dwarf-with-dsym";
				ENABLE_NS_ASSERTIONS = NO;
				ENABLE_STRICT_OBJC_MSGSEND = YES;
				GCC_C_LANGUAGE_STANDARD = gnu11;
				GCC_NO_COMMON_BLOCKS = YES;
				GCC_WARN_64_TO_32_BIT_CONVERSION = YES;
				GCC_WARN_ABOUT_RETURN_TYPE = YES_ERROR;
				GCC_WARN_UNDECLARED_SELECTOR = YES;
				GCC_WARN_UNINITIALIZED_AUTOS = YES_AGGRESSIVE;
				GCC_WARN_UNUSED_FUNCTION = YES;
				GCC_WARN_UNUSED_VARIABLE = YES;
				IPHONEOS_DEPLOYMENT_TARGET = 8.0;
				MTL_ENABLE_DEBUG_INFO = NO;
				SDKROOT = iphoneos;
				VALIDATE_PRODUCT = YES;
			};
			name = Release;
		};
		D988D818200303AB00A87F3E /* Debug */ = {
			isa = XCBuildConfiguration;
			baseConfigurationReference = D71B21AB1DE14263808C299F /* Pods-BindingDemoRN.debug.xcconfig */;
			buildSettings = {
				ASSETCATALOG_COMPILER_APPICON_NAME = AppIcon;
				CLANG_ENABLE_MODULES = YES;
				CODE_SIGN_STYLE = Automatic;
				DEVELOPMENT_TEAM = 6L37LAR3GU;
				INFOPLIST_FILE = BindingDemoRN/Info.plist;
				IPHONEOS_DEPLOYMENT_TARGET = 8.0;
				LD_RUNPATH_SEARCH_PATHS = "$(inherited) @executable_path/Frameworks";
				PRODUCT_BUNDLE_IDENTIFIER = com.taobao.BindingDemoRN;
				PRODUCT_NAME = "$(TARGET_NAME)";
				SWIFT_OPTIMIZATION_LEVEL = "-Onone";
				SWIFT_VERSION = 3.0;
				TARGETED_DEVICE_FAMILY = "1,2";
			};
			name = Debug;
		};
		D988D819200303AB00A87F3E /* Release */ = {
			isa = XCBuildConfiguration;
			baseConfigurationReference = B2AC95CA845AF3A27F535E15 /* Pods-BindingDemoRN.release.xcconfig */;
			buildSettings = {
				ASSETCATALOG_COMPILER_APPICON_NAME = AppIcon;
				CLANG_ENABLE_MODULES = YES;
				CODE_SIGN_STYLE = Automatic;
				DEVELOPMENT_TEAM = 6L37LAR3GU;
				INFOPLIST_FILE = BindingDemoRN/Info.plist;
				IPHONEOS_DEPLOYMENT_TARGET = 8.0;
				LD_RUNPATH_SEARCH_PATHS = "$(inherited) @executable_path/Frameworks";
				PRODUCT_BUNDLE_IDENTIFIER = com.taobao.BindingDemoRN;
				PRODUCT_NAME = "$(TARGET_NAME)";
				SWIFT_VERSION = 3.0;
				TARGETED_DEVICE_FAMILY = "1,2";
			};
			name = Release;
		};
/* End XCBuildConfiguration section */

/* Begin XCConfigurationList section */
		D988D7FC200303AB00A87F3E /* Build configuration list for PBXProject "BindingDemoRN" */ = {
			isa = XCConfigurationList;
			buildConfigurations = (
				D988D815200303AB00A87F3E /* Debug */,
				D988D816200303AB00A87F3E /* Release */,
			);
			defaultConfigurationIsVisible = 0;
			defaultConfigurationName = Release;
		};
		D988D817200303AB00A87F3E /* Build configuration list for PBXNativeTarget "BindingDemoRN" */ = {
			isa = XCConfigurationList;
			buildConfigurations = (
				D988D818200303AB00A87F3E /* Debug */,
				D988D819200303AB00A87F3E /* Release */,
			);
			defaultConfigurationIsVisible = 0;
			defaultConfigurationName = Release;
		};
/* End XCConfigurationList section */
	};
	rootObject = D988D7F9200303AB00A87F3E /* Project object */;
}
