// !$*UTF8*$!
{
	archiveVersion = 1;
	classes = {
	};
	objectVersion = 48;
	objects = {

/* Begin PBXBuildFile section */
		D9F01A0F20AAE84F0014349F /* EBUtility+RN.m in Sources */ = {isa = PBXBuildFile; fileRef = D955B1B0202FF850000274AC /* EBUtility+RN.m */; };
		D9F01A1020AAE84F0014349F /* EBRNModule.m in Sources */ = {isa = PBXBuildFile; fileRef = D9A6AA412043DE6E001AEC67 /* EBRNModule.m */; };
		D9F01AEA20ABCE1A0014349F /* EBJSMath.m in Sources */ = {isa = PBXBuildFile; fileRef = D9F01ABB20ABCE150014349F /* EBJSMath.m */; };
		D9F01AEB20ABCE1A0014349F /* EBExpressionHandler.m in Sources */ = {isa = PBXBuildFile; fileRef = D9F01ABC20ABCE150014349F /* EBExpressionHandler.m */; };
		D9F01AEC20ABCE1A0014349F /* EBNativeFunction.m in Sources */ = {isa = PBXBuildFile; fileRef = D9F01ABD20ABCE150014349F /* EBNativeFunction.m */; };
		D9F01AED20ABCE1A0014349F /* EBExpression.m in Sources */ = {isa = PBXBuildFile; fileRef = D9F01AC020ABCE150014349F /* EBExpression.m */; };
		D9F01AEE20ABCE1A0014349F /* EBExpressionGesture.m in Sources */ = {isa = PBXBuildFile; fileRef = D9F01AC520ABCE160014349F /* EBExpressionGesture.m */; };
		D9F01AEF20ABCE1A0014349F /* EBExpressionProperty.m in Sources */ = {isa = PBXBuildFile; fileRef = D9F01AC620ABCE160014349F /* EBExpressionProperty.m */; };
		D9F01AF020ABCE1A0014349F /* EBJSEase.m in Sources */ = {isa = PBXBuildFile; fileRef = D9F01AC820ABCE160014349F /* EBJSEase.m */; };
		D9F01AF120ABCE1A0014349F /* EBGyroQuaternion.m in Sources */ = {isa = PBXBuildFile; fileRef = D9F01ACA20ABCE160014349F /* EBGyroQuaternion.m */; };
		D9F01AF220ABCE1A0014349F /* EBGyroOrientationEvaluator.m in Sources */ = {isa = PBXBuildFile; fileRef = D9F01ACE20ABCE170014349F /* EBGyroOrientationEvaluator.m */; };
		D9F01AF320ABCE1A0014349F /* EBHandlerFactory.m in Sources */ = {isa = PBXBuildFile; fileRef = D9F01ACF20ABCE170014349F /* EBHandlerFactory.m */; };
		D9F01AF420ABCE1A0014349F /* EBGyroEuler.m in Sources */ = {isa = PBXBuildFile; fileRef = D9F01AD320ABCE170014349F /* EBGyroEuler.m */; };
		D9F01AF520ABCE1A0014349F /* EBGyroVector3.m in Sources */ = {isa = PBXBuildFile; fileRef = D9F01AD420ABCE170014349F /* EBGyroVector3.m */; };
		D9F01AF620ABCE1A0014349F /* EBJSEvaluate.m in Sources */ = {isa = PBXBuildFile; fileRef = D9F01AD520ABCE170014349F /* EBJSEvaluate.m */; };
		D9F01AF720ABCE1A0014349F /* EBExpressionTiming.m in Sources */ = {isa = PBXBuildFile; fileRef = D9F01AD720ABCE170014349F /* EBExpressionTiming.m */; };
		D9F01AF820ABCE1A0014349F /* EBBindData.m in Sources */ = {isa = PBXBuildFile; fileRef = D9F01AD820ABCE180014349F /* EBBindData.m */; };
		D9F01AF920ABCE1A0014349F /* EBGyroManager.m in Sources */ = {isa = PBXBuildFile; fileRef = D9F01AD920ABCE180014349F /* EBGyroManager.m */; };
		D9F01AFA20ABCE1A0014349F /* NSObject+EBTuplePacker.m in Sources */ = {isa = PBXBuildFile; fileRef = D9F01ADC20ABCE180014349F /* NSObject+EBTuplePacker.m */; };
		D9F01AFB20ABCE1A0014349F /* EBTaffyTuple.m in Sources */ = {isa = PBXBuildFile; fileRef = D9F01ADD20ABCE180014349F /* EBTaffyTuple.m */; };
		D9F01AFC20ABCE1A0014349F /* EBUtility.m in Sources */ = {isa = PBXBuildFile; fileRef = D9F01ADE20ABCE180014349F /* EBUtility.m */; };
		D9F01AFD20ABCE1A0014349F /* EBExpressionScroller.m in Sources */ = {isa = PBXBuildFile; fileRef = D9F01AE120ABCE190014349F /* EBExpressionScroller.m */; };
		D9F01AFE20ABCE1A0014349F /* EBExpressionExecutor.m in Sources */ = {isa = PBXBuildFile; fileRef = D9F01AE320ABCE190014349F /* EBExpressionExecutor.m */; };
		D9F01AFF20ABCE1A0014349F /* EBJSTransform.m in Sources */ = {isa = PBXBuildFile; fileRef = D9F01AE720ABCE190014349F /* EBJSTransform.m */; };
		D9F01B0020ABCE1A0014349F /* EBExpressionScope.m in Sources */ = {isa = PBXBuildFile; fileRef = D9F01AE820ABCE190014349F /* EBExpressionScope.m */; };
		D9F01B0120ABCE1A0014349F /* EBExpressionOrientation.m in Sources */ = {isa = PBXBuildFile; fileRef = D9F01AE920ABCE1A0014349F /* EBExpressionOrientation.m */; };
/* End PBXBuildFile section */

/* Begin PBXCopyFilesBuildPhase section */
		D9F01A0420AAE8420014349F /* CopyFiles */ = {
			isa = PBXCopyFilesBuildPhase;
			buildActionMask = 2147483647;
			dstPath = "include/$(PRODUCT_NAME)";
			dstSubfolderSpec = 16;
			files = (
			);
			runOnlyForDeploymentPostprocessing = 0;
		};
/* End PBXCopyFilesBuildPhase section */

/* Begin PBXFileReference section */
		22E206646D407E09F01C771E /* Pods-RNBindingX.debug.xcconfig */ = {isa = PBXFileReference; includeInIndex = 1; lastKnownFileType = text.xcconfig; name = "Pods-RNBindingX.debug.xcconfig"; path = "Pods/Target Support Files/Pods-RNBindingX/Pods-RNBindingX.debug.xcconfig"; sourceTree = "<group>"; };
		BB15E6679FBB269F8447243B /* Pods-RNBindingX.release.xcconfig */ = {isa = PBXFileReference; includeInIndex = 1; lastKnownFileType = text.xcconfig; name = "Pods-RNBindingX.release.xcconfig"; path = "Pods/Target Support Files/Pods-RNBindingX/Pods-RNBindingX.release.xcconfig"; sourceTree = "<group>"; };
		BC0F083B31F0772E06C3FFFE /* Pods-RNBindingXTests.release.xcconfig */ = {isa = PBXFileReference; includeInIndex = 1; lastKnownFileType = text.xcconfig; name = "Pods-RNBindingXTests.release.xcconfig"; path = "Pods/Target Support Files/Pods-RNBindingXTests/Pods-RNBindingXTests.release.xcconfig"; sourceTree = "<group>"; };
		BE05DC8499B09B9275CF5771 /* libPods-RNBindingX.a */ = {isa = PBXFileReference; explicitFileType = archive.ar; includeInIndex = 0; path = "libPods-RNBindingX.a"; sourceTree = BUILT_PRODUCTS_DIR; };
		D955B1A9202FF82A000274AC /* Info.plist */ = {isa = PBXFileReference; lastKnownFileType = text.plist.xml; path = Info.plist; sourceTree = "<group>"; };
		D955B1B0202FF850000274AC /* EBUtility+RN.m */ = {isa = PBXFileReference; fileEncoding = 4; lastKnownFileType = sourcecode.c.objc; path = "EBUtility+RN.m"; sourceTree = "<group>"; };
		D955B1B3202FF851000274AC /* EBUtility+RN.h */ = {isa = PBXFileReference; fileEncoding = 4; lastKnownFileType = sourcecode.c.h; path = "EBUtility+RN.h"; sourceTree = "<group>"; };
		D9A6AA402043DE6E001AEC67 /* EBRNModule.h */ = {isa = PBXFileReference; fileEncoding = 4; lastKnownFileType = sourcecode.c.h; path = EBRNModule.h; sourceTree = "<group>"; };
		D9A6AA412043DE6E001AEC67 /* EBRNModule.m */ = {isa = PBXFileReference; fileEncoding = 4; lastKnownFileType = sourcecode.c.objc; path = EBRNModule.m; sourceTree = "<group>"; };
		D9F01A0620AAE8420014349F /* libRNBindingX.a */ = {isa = PBXFileReference; explicitFileType = archive.ar; includeInIndex = 0; path = libRNBindingX.a; sourceTree = BUILT_PRODUCTS_DIR; };
		D9F01AB920ABCE150014349F /* EBNativeFunction.h */ = {isa = PBXFileReference; fileEncoding = 4; lastKnownFileType = sourcecode.c.h; path = EBNativeFunction.h; sourceTree = "<group>"; };
		D9F01ABA20ABCE150014349F /* EBJSMath.h */ = {isa = PBXFileReference; fileEncoding = 4; lastKnownFileType = sourcecode.c.h; path = EBJSMath.h; sourceTree = "<group>"; };
		D9F01ABB20ABCE150014349F /* EBJSMath.m */ = {isa = PBXFileReference; fileEncoding = 4; lastKnownFileType = sourcecode.c.objc; path = EBJSMath.m; sourceTree = "<group>"; };
		D9F01ABC20ABCE150014349F /* EBExpressionHandler.m */ = {isa = PBXFileReference; fileEncoding = 4; lastKnownFileType = sourcecode.c.objc; path = EBExpressionHandler.m; sourceTree = "<group>"; };
		D9F01ABD20ABCE150014349F /* EBNativeFunction.m */ = {isa = PBXFileReference; fileEncoding = 4; lastKnownFileType = sourcecode.c.objc; path = EBNativeFunction.m; sourceTree = "<group>"; };
		D9F01ABE20ABCE150014349F /* EBGyroManager.h */ = {isa = PBXFileReference; fileEncoding = 4; lastKnownFileType = sourcecode.c.h; path = EBGyroManager.h; sourceTree = "<group>"; };
		D9F01ABF20ABCE150014349F /* EBGyroVector3.h */ = {isa = PBXFileReference; fileEncoding = 4; lastKnownFileType = sourcecode.c.h; path = EBGyroVector3.h; sourceTree = "<group>"; };
		D9F01AC020ABCE150014349F /* EBExpression.m */ = {isa = PBXFileReference; fileEncoding = 4; lastKnownFileType = sourcecode.c.objc; path = EBExpression.m; sourceTree = "<group>"; };
		D9F01AC120ABCE160014349F /* EBExpression.h */ = {isa = PBXFileReference; fileEncoding = 4; lastKnownFileType = sourcecode.c.h; path = EBExpression.h; sourceTree = "<group>"; };
		D9F01AC220ABCE160014349F /* EBJSEvaluate.h */ = {isa = PBXFileReference; fileEncoding = 4; lastKnownFileType = sourcecode.c.h; path = EBJSEvaluate.h; sourceTree = "<group>"; };
		D9F01AC320ABCE160014349F /* NSObject+EBTuplePacker.h */ = {isa = PBXFileReference; fileEncoding = 4; lastKnownFileType = sourcecode.c.h; path = "NSObject+EBTuplePacker.h"; sourceTree = "<group>"; };
		D9F01AC420ABCE160014349F /* EBExpressionProperty.h */ = {isa = PBXFileReference; fileEncoding = 4; lastKnownFileType = sourcecode.c.h; path = EBExpressionProperty.h; sourceTree = "<group>"; };
		D9F01AC520ABCE160014349F /* EBExpressionGesture.m */ = {isa = PBXFileReference; fileEncoding = 4; lastKnownFileType = sourcecode.c.objc; path = EBExpressionGesture.m; sourceTree = "<group>"; };
		D9F01AC620ABCE160014349F /* EBExpressionProperty.m */ = {isa = PBXFileReference; fileEncoding = 4; lastKnownFileType = sourcecode.c.objc; path = EBExpressionProperty.m; sourceTree = "<group>"; };
		D9F01AC720ABCE160014349F /* EBExpressionOrientation.h */ = {isa = PBXFileReference; fileEncoding = 4; lastKnownFileType = sourcecode.c.h; path = EBExpressionOrientation.h; sourceTree = "<group>"; };
		D9F01AC820ABCE160014349F /* EBJSEase.m */ = {isa = PBXFileReference; fileEncoding = 4; lastKnownFileType = sourcecode.c.objc; path = EBJSEase.m; sourceTree = "<group>"; };
		D9F01AC920ABCE160014349F /* EBExpressionHandler.h */ = {isa = PBXFileReference; fileEncoding = 4; lastKnownFileType = sourcecode.c.h; path = EBExpressionHandler.h; sourceTree = "<group>"; };
		D9F01ACA20ABCE160014349F /* EBGyroQuaternion.m */ = {isa = PBXFileReference; fileEncoding = 4; lastKnownFileType = sourcecode.c.objc; path = EBGyroQuaternion.m; sourceTree = "<group>"; };
		D9F01ACB20ABCE160014349F /* BindingX.h */ = {isa = PBXFileReference; fileEncoding = 4; lastKnownFileType = sourcecode.c.h; path = BindingX.h; sourceTree = "<group>"; };
		D9F01ACC20ABCE160014349F /* EBExpressionScroller.h */ = {isa = PBXFileReference; fileEncoding = 4; lastKnownFileType = sourcecode.c.h; path = EBExpressionScroller.h; sourceTree = "<group>"; };
		D9F01ACD20ABCE160014349F /* EBGyroOrientationEvaluator.h */ = {isa = PBXFileReference; fileEncoding = 4; lastKnownFileType = sourcecode.c.h; path = EBGyroOrientationEvaluator.h; sourceTree = "<group>"; };
		D9F01ACE20ABCE170014349F /* EBGyroOrientationEvaluator.m */ = {isa = PBXFileReference; fileEncoding = 4; lastKnownFileType = sourcecode.c.objc; path = EBGyroOrientationEvaluator.m; sourceTree = "<group>"; };
		D9F01ACF20ABCE170014349F /* EBHandlerFactory.m */ = {isa = PBXFileReference; fileEncoding = 4; lastKnownFileType = sourcecode.c.objc; path = EBHandlerFactory.m; sourceTree = "<group>"; };
		D9F01AD020ABCE170014349F /* EBBindData.h */ = {isa = PBXFileReference; fileEncoding = 4; lastKnownFileType = sourcecode.c.h; path = EBBindData.h; sourceTree = "<group>"; };
		D9F01AD120ABCE170014349F /* EBExpressionTiming.h */ = {isa = PBXFileReference; fileEncoding = 4; lastKnownFileType = sourcecode.c.h; path = EBExpressionTiming.h; sourceTree = "<group>"; };
		D9F01AD220ABCE170014349F /* EBTaffyTuple.h */ = {isa = PBXFileReference; fileEncoding = 4; lastKnownFileType = sourcecode.c.h; path = EBTaffyTuple.h; sourceTree = "<group>"; };
		D9F01AD320ABCE170014349F /* EBGyroEuler.m */ = {isa = PBXFileReference; fileEncoding = 4; lastKnownFileType = sourcecode.c.objc; path = EBGyroEuler.m; sourceTree = "<group>"; };
		D9F01AD420ABCE170014349F /* EBGyroVector3.m */ = {isa = PBXFileReference; fileEncoding = 4; lastKnownFileType = sourcecode.c.objc; path = EBGyroVector3.m; sourceTree = "<group>"; };
		D9F01AD520ABCE170014349F /* EBJSEvaluate.m */ = {isa = PBXFileReference; fileEncoding = 4; lastKnownFileType = sourcecode.c.objc; path = EBJSEvaluate.m; sourceTree = "<group>"; };
		D9F01AD620ABCE170014349F /* EBUtility.h */ = {isa = PBXFileReference; fileEncoding = 4; lastKnownFileType = sourcecode.c.h; path = EBUtility.h; sourceTree = "<group>"; };
		D9F01AD720ABCE170014349F /* EBExpressionTiming.m */ = {isa = PBXFileReference; fileEncoding = 4; lastKnownFileType = sourcecode.c.objc; path = EBExpressionTiming.m; sourceTree = "<group>"; };
		D9F01AD820ABCE180014349F /* EBBindData.m */ = {isa = PBXFileReference; fileEncoding = 4; lastKnownFileType = sourcecode.c.objc; path = EBBindData.m; sourceTree = "<group>"; };
		D9F01AD920ABCE180014349F /* EBGyroManager.m */ = {isa = PBXFileReference; fileEncoding = 4; lastKnownFileType = sourcecode.c.objc; path = EBGyroManager.m; sourceTree = "<group>"; };
		D9F01ADA20ABCE180014349F /* EBExpressionScope.h */ = {isa = PBXFileReference; fileEncoding = 4; lastKnownFileType = sourcecode.c.h; path = EBExpressionScope.h; sourceTree = "<group>"; };
		D9F01ADB20ABCE180014349F /* EBExpressionGesture.h */ = {isa = PBXFileReference; fileEncoding = 4; lastKnownFileType = sourcecode.c.h; path = EBExpressionGesture.h; sourceTree = "<group>"; };
		D9F01ADC20ABCE180014349F /* NSObject+EBTuplePacker.m */ = {isa = PBXFileReference; fileEncoding = 4; lastKnownFileType = sourcecode.c.objc; path = "NSObject+EBTuplePacker.m"; sourceTree = "<group>"; };
		D9F01ADD20ABCE180014349F /* EBTaffyTuple.m */ = {isa = PBXFileReference; fileEncoding = 4; lastKnownFileType = sourcecode.c.objc; path = EBTaffyTuple.m; sourceTree = "<group>"; };
		D9F01ADE20ABCE180014349F /* EBUtility.m */ = {isa = PBXFileReference; fileEncoding = 4; lastKnownFileType = sourcecode.c.objc; path = EBUtility.m; sourceTree = "<group>"; };
		D9F01ADF20ABCE180014349F /* EBHandlerFactory.h */ = {isa = PBXFileReference; fileEncoding = 4; lastKnownFileType = sourcecode.c.h; path = EBHandlerFactory.h; sourceTree = "<group>"; };
		D9F01AE020ABCE180014349F /* EBJSTransform.h */ = {isa = PBXFileReference; fileEncoding = 4; lastKnownFileType = sourcecode.c.h; path = EBJSTransform.h; sourceTree = "<group>"; };
		D9F01AE120ABCE190014349F /* EBExpressionScroller.m */ = {isa = PBXFileReference; fileEncoding = 4; lastKnownFileType = sourcecode.c.objc; path = EBExpressionScroller.m; sourceTree = "<group>"; };
		D9F01AE220ABCE190014349F /* EBExpressionExecutor.h */ = {isa = PBXFileReference; fileEncoding = 4; lastKnownFileType = sourcecode.c.h; path = EBExpressionExecutor.h; sourceTree = "<group>"; };
		D9F01AE320ABCE190014349F /* EBExpressionExecutor.m */ = {isa = PBXFileReference; fileEncoding = 4; lastKnownFileType = sourcecode.c.objc; path = EBExpressionExecutor.m; sourceTree = "<group>"; };
		D9F01AE420ABCE190014349F /* EBGyroQuaternion.h */ = {isa = PBXFileReference; fileEncoding = 4; lastKnownFileType = sourcecode.c.h; path = EBGyroQuaternion.h; sourceTree = "<group>"; };
		D9F01AE520ABCE190014349F /* EBGyroEuler.h */ = {isa = PBXFileReference; fileEncoding = 4; lastKnownFileType = sourcecode.c.h; path = EBGyroEuler.h; sourceTree = "<group>"; };
		D9F01AE620ABCE190014349F /* EBJSEase.h */ = {isa = PBXFileReference; fileEncoding = 4; lastKnownFileType = sourcecode.c.h; path = EBJSEase.h; sourceTree = "<group>"; };
		D9F01AE720ABCE190014349F /* EBJSTransform.m */ = {isa = PBXFileReference; fileEncoding = 4; lastKnownFileType = sourcecode.c.objc; path = EBJSTransform.m; sourceTree = "<group>"; };
		D9F01AE820ABCE190014349F /* EBExpressionScope.m */ = {isa = PBXFileReference; fileEncoding = 4; lastKnownFileType = sourcecode.c.objc; path = EBExpressionScope.m; sourceTree = "<group>"; };
		D9F01AE920ABCE1A0014349F /* EBExpressionOrientation.m */ = {isa = PBXFileReference; fileEncoding = 4; lastKnownFileType = sourcecode.c.objc; path = EBExpressionOrientation.m; sourceTree = "<group>"; };
		DB459CADE4FEECC5C9240CA5 /* libPods-RNBindingXTests.a */ = {isa = PBXFileReference; explicitFileType = archive.ar; includeInIndex = 0; path = "libPods-RNBindingXTests.a"; sourceTree = BUILT_PRODUCTS_DIR; };
		E6D10BCEBB7C4B2F9A2632EC /* Pods-RNBindingXTests.debug.xcconfig */ = {isa = PBXFileReference; includeInIndex = 1; lastKnownFileType = text.xcconfig; name = "Pods-RNBindingXTests.debug.xcconfig"; path = "Pods/Target Support Files/Pods-RNBindingXTests/Pods-RNBindingXTests.debug.xcconfig"; sourceTree = "<group>"; };
/* End PBXFileReference section */

/* Begin PBXFrameworksBuildPhase section */
		D9F01A0320AAE8420014349F /* Frameworks */ = {
			isa = PBXFrameworksBuildPhase;
			buildActionMask = 2147483647;
			files = (
			);
			runOnlyForDeploymentPostprocessing = 0;
		};
/* End PBXFrameworksBuildPhase section */

/* Begin PBXGroup section */
		0FCA19E944CBB2BE0B6762D1 /* Pods */ = {
			isa = PBXGroup;
			children = (
				22E206646D407E09F01C771E /* Pods-RNBindingX.debug.xcconfig */,
				BB15E6679FBB269F8447243B /* Pods-RNBindingX.release.xcconfig */,
				E6D10BCEBB7C4B2F9A2632EC /* Pods-RNBindingXTests.debug.xcconfig */,
				BC0F083B31F0772E06C3FFFE /* Pods-RNBindingXTests.release.xcconfig */,
			);
			name = Pods;
			sourceTree = "<group>";
		};
		5671271A8550C4B4B4663A29 /* Frameworks */ = {
			isa = PBXGroup;
			children = (
				BE05DC8499B09B9275CF5771 /* libPods-RNBindingX.a */,
				DB459CADE4FEECC5C9240CA5 /* libPods-RNBindingXTests.a */,
			);
			name = Frameworks;
			sourceTree = "<group>";
		};
		D955B19B202FF82A000274AC = {
			isa = PBXGroup;
			children = (
				D955B1A7202FF82A000274AC /* RNBindingX */,
				D955B1A6202FF82A000274AC /* Products */,
				0FCA19E944CBB2BE0B6762D1 /* Pods */,
				5671271A8550C4B4B4663A29 /* Frameworks */,
			);
			sourceTree = "<group>";
		};
		D955B1A6202FF82A000274AC /* Products */ = {
			isa = PBXGroup;
			children = (
				D9F01A0620AAE8420014349F /* libRNBindingX.a */,
			);
			name = Products;
			sourceTree = "<group>";
		};
		D955B1A7202FF82A000274AC /* RNBindingX */ = {
			isa = PBXGroup;
			children = (
				D9F0193120AAD9D90014349F /* core */,
				D955B1B3202FF851000274AC /* EBUtility+RN.h */,
				D955B1B0202FF850000274AC /* EBUtility+RN.m */,
				D9A6AA402043DE6E001AEC67 /* EBRNModule.h */,
				D9A6AA412043DE6E001AEC67 /* EBRNModule.m */,
				D955B1A9202FF82A000274AC /* Info.plist */,
			);
			path = RNBindingX;
			sourceTree = "<group>";
		};
		D9F0193120AAD9D90014349F /* core */ = {
			isa = PBXGroup;
			children = (
				D9F01ACB20ABCE160014349F /* BindingX.h */,
				D9F01AD020ABCE170014349F /* EBBindData.h */,
				D9F01AD820ABCE180014349F /* EBBindData.m */,
				D9F01AC120ABCE160014349F /* EBExpression.h */,
				D9F01AC020ABCE150014349F /* EBExpression.m */,
				D9F01AE220ABCE190014349F /* EBExpressionExecutor.h */,
				D9F01AE320ABCE190014349F /* EBExpressionExecutor.m */,
				D9F01ADB20ABCE180014349F /* EBExpressionGesture.h */,
				D9F01AC520ABCE160014349F /* EBExpressionGesture.m */,
				D9F01AC920ABCE160014349F /* EBExpressionHandler.h */,
				D9F01ABC20ABCE150014349F /* EBExpressionHandler.m */,
				D9F01AC720ABCE160014349F /* EBExpressionOrientation.h */,
				D9F01AE920ABCE1A0014349F /* EBExpressionOrientation.m */,
				D9F01AC420ABCE160014349F /* EBExpressionProperty.h */,
				D9F01AC620ABCE160014349F /* EBExpressionProperty.m */,
				D9F01ADA20ABCE180014349F /* EBExpressionScope.h */,
				D9F01AE820ABCE190014349F /* EBExpressionScope.m */,
				D9F01ACC20ABCE160014349F /* EBExpressionScroller.h */,
				D9F01AE120ABCE190014349F /* EBExpressionScroller.m */,
				D9F01AD120ABCE170014349F /* EBExpressionTiming.h */,
				D9F01AD720ABCE170014349F /* EBExpressionTiming.m */,
				D9F01AE520ABCE190014349F /* EBGyroEuler.h */,
				D9F01AD320ABCE170014349F /* EBGyroEuler.m */,
				D9F01ABE20ABCE150014349F /* EBGyroManager.h */,
				D9F01AD920ABCE180014349F /* EBGyroManager.m */,
				D9F01ACD20ABCE160014349F /* EBGyroOrientationEvaluator.h */,
				D9F01ACE20ABCE170014349F /* EBGyroOrientationEvaluator.m */,
				D9F01AE420ABCE190014349F /* EBGyroQuaternion.h */,
				D9F01ACA20ABCE160014349F /* EBGyroQuaternion.m */,
				D9F01ABF20ABCE150014349F /* EBGyroVector3.h */,
				D9F01AD420ABCE170014349F /* EBGyroVector3.m */,
				D9F01ADF20ABCE180014349F /* EBHandlerFactory.h */,
				D9F01ACF20ABCE170014349F /* EBHandlerFactory.m */,
				D9F01AE620ABCE190014349F /* EBJSEase.h */,
				D9F01AC820ABCE160014349F /* EBJSEase.m */,
				D9F01AC220ABCE160014349F /* EBJSEvaluate.h */,
				D9F01AD520ABCE170014349F /* EBJSEvaluate.m */,
				D9F01ABA20ABCE150014349F /* EBJSMath.h */,
				D9F01ABB20ABCE150014349F /* EBJSMath.m */,
				D9F01AE020ABCE180014349F /* EBJSTransform.h */,
				D9F01AE720ABCE190014349F /* EBJSTransform.m */,
				D9F01AB920ABCE150014349F /* EBNativeFunction.h */,
				D9F01ABD20ABCE150014349F /* EBNativeFunction.m */,
				D9F01AD220ABCE170014349F /* EBTaffyTuple.h */,
				D9F01ADD20ABCE180014349F /* EBTaffyTuple.m */,
				D9F01AD620ABCE170014349F /* EBUtility.h */,
				D9F01ADE20ABCE180014349F /* EBUtility.m */,
				D9F01AC320ABCE160014349F /* NSObject+EBTuplePacker.h */,
				D9F01ADC20ABCE180014349F /* NSObject+EBTuplePacker.m */,
			);
			path = core;
			sourceTree = "<group>";
		};
/* End PBXGroup section */

/* Begin PBXNativeTarget section */
		D9F01A0520AAE8420014349F /* RNBindingX */ = {
			isa = PBXNativeTarget;
			buildConfigurationList = D9F01A0C20AAE8420014349F /* Build configuration list for PBXNativeTarget "RNBindingX" */;
			buildPhases = (
				D9F01A0220AAE8420014349F /* Sources */,
				D9F01A0320AAE8420014349F /* Frameworks */,
				D9F01A0420AAE8420014349F /* CopyFiles */,
			);
			buildRules = (
			);
			dependencies = (
			);
			name = RNBindingX;
			productName = RNBindingX;
			productReference = D9F01A0620AAE8420014349F /* libRNBindingX.a */;
			productType = "com.apple.product-type.library.static";
		};
/* End PBXNativeTarget section */

/* Begin PBXProject section */
		D955B19C202FF82A000274AC /* Project object */ = {
			isa = PBXProject;
			attributes = {
				LastUpgradeCheck = 0920;
				ORGANIZATIONNAME = Alibaba;
				TargetAttributes = {
					D9F01A0520AAE8420014349F = {
						CreatedOnToolsVersion = 9.3.1;
						ProvisioningStyle = Automatic;
					};
				};
			};
			buildConfigurationList = D955B19F202FF82A000274AC /* Build configuration list for PBXProject "RNBindingX" */;
			compatibilityVersion = "Xcode 8.0";
			developmentRegion = en;
			hasScannedForEncodings = 0;
			knownRegions = (
				en,
			);
			mainGroup = D955B19B202FF82A000274AC;
			productRefGroup = D955B1A6202FF82A000274AC /* Products */;
			projectDirPath = "";
			projectRoot = "";
			targets = (
				D9F01A0520AAE8420014349F /* RNBindingX */,
			);
		};
/* End PBXProject section */

/* Begin PBXSourcesBuildPhase section */
		D9F01A0220AAE8420014349F /* Sources */ = {
			isa = PBXSourcesBuildPhase;
			buildActionMask = 2147483647;
			files = (
				D9F01AEA20ABCE1A0014349F /* EBJSMath.m in Sources */,
				D9F01AF220ABCE1A0014349F /* EBGyroOrientationEvaluator.m in Sources */,
				D9F01AFF20ABCE1A0014349F /* EBJSTransform.m in Sources */,
				D9F01AF320ABCE1A0014349F /* EBHandlerFactory.m in Sources */,
				D9F01AEC20ABCE1A0014349F /* EBNativeFunction.m in Sources */,
				D9F01AFC20ABCE1A0014349F /* EBUtility.m in Sources */,
				D9F01AFE20ABCE1A0014349F /* EBExpressionExecutor.m in Sources */,
				D9F01AED20ABCE1A0014349F /* EBExpression.m in Sources */,
				D9F01AF020ABCE1A0014349F /* EBJSEase.m in Sources */,
				D9F01B0120ABCE1A0014349F /* EBExpressionOrientation.m in Sources */,
				D9F01AEE20ABCE1A0014349F /* EBExpressionGesture.m in Sources */,
				D9F01AF120ABCE1A0014349F /* EBGyroQuaternion.m in Sources */,
				D9F01B0020ABCE1A0014349F /* EBExpressionScope.m in Sources */,
				D9F01AFB20ABCE1A0014349F /* EBTaffyTuple.m in Sources */,
				D9F01AF520ABCE1A0014349F /* EBGyroVector3.m in Sources */,
				D9F01AF820ABCE1A0014349F /* EBBindData.m in Sources */,
				D9F01AFA20ABCE1A0014349F /* NSObject+EBTuplePacker.m in Sources */,
				D9F01AF620ABCE1A0014349F /* EBJSEvaluate.m in Sources */,
				D9F01AEB20ABCE1A0014349F /* EBExpressionHandler.m in Sources */,
				D9F01AEF20ABCE1A0014349F /* EBExpressionProperty.m in Sources */,
				D9F01A1020AAE84F0014349F /* EBRNModule.m in Sources */,
				D9F01AF420ABCE1A0014349F /* EBGyroEuler.m in Sources */,
				D9F01AFD20ABCE1A0014349F /* EBExpressionScroller.m in Sources */,
				D9F01AF720ABCE1A0014349F /* EBExpressionTiming.m in Sources */,
				D9F01A0F20AAE84F0014349F /* EBUtility+RN.m in Sources */,
				D9F01AF920ABCE1A0014349F /* EBGyroManager.m in Sources */,
			);
			runOnlyForDeploymentPostprocessing = 0;
		};
/* End PBXSourcesBuildPhase section */

/* Begin XCBuildConfiguration section */
		D955B1AB202FF82A000274AC /* Debug */ = {
			isa = XCBuildConfiguration;
			buildSettings = {
				ALWAYS_SEARCH_USER_PATHS = NO;
				CLANG_ANALYZER_NONNULL = YES;
				CLANG_ANALYZER_NUMBER_OBJECT_CONVERSION = YES_AGGRESSIVE;
				CLANG_CXX_LANGUAGE_STANDARD = "gnu++14";
				CLANG_CXX_LIBRARY = "libc++";
				CLANG_ENABLE_MODULES = YES;
				CLANG_ENABLE_OBJC_ARC = YES;
				CLANG_WARN_BLOCK_CAPTURE_AUTORELEASING = YES;
				CLANG_WARN_BOOL_CONVERSION = YES;
				CLANG_WARN_COMMA = YES;
				CLANG_WARN_CONSTANT_CONVERSION = YES;
				CLANG_WARN_DIRECT_OBJC_ISA_USAGE = YES_ERROR;
				CLANG_WARN_DOCUMENTATION_COMMENTS = YES;
				CLANG_WARN_EMPTY_BODY = YES;
				CLANG_WARN_ENUM_CONVERSION = YES;
				CLANG_WARN_INFINITE_RECURSION = YES;
				CLANG_WARN_INT_CONVERSION = YES;
				CLANG_WARN_NON_LITERAL_NULL_CONVERSION = YES;
				CLANG_WARN_OBJC_LITERAL_CONVERSION = YES;
				CLANG_WARN_OBJC_ROOT_CLASS = YES_ERROR;
				CLANG_WARN_RANGE_LOOP_ANALYSIS = YES;
				CLANG_WARN_STRICT_PROTOTYPES = YES;
				CLANG_WARN_SUSPICIOUS_MOVE = YES;
				CLANG_WARN_UNGUARDED_AVAILABILITY = YES_AGGRESSIVE;
				CLANG_WARN_UNREACHABLE_CODE = YES;
				CLANG_WARN__DUPLICATE_METHOD_MATCH = YES;
				CODE_SIGN_IDENTITY = "iPhone Developer";
				COPY_PHASE_STRIP = NO;
				CURRENT_PROJECT_VERSION = 1;
				DEBUG_INFORMATION_FORMAT = dwarf;
				ENABLE_STRICT_OBJC_MSGSEND = YES;
				ENABLE_TESTABILITY = YES;
				GCC_C_LANGUAGE_STANDARD = gnu11;
				GCC_DYNAMIC_NO_PIC = NO;
				GCC_NO_COMMON_BLOCKS = YES;
				GCC_OPTIMIZATION_LEVEL = 0;
				GCC_PREPROCESSOR_DEFINITIONS = (
					"DEBUG=1",
					"$(inherited)",
				);
				GCC_WARN_64_TO_32_BIT_CONVERSION = YES;
				GCC_WARN_ABOUT_RETURN_TYPE = YES_ERROR;
				GCC_WARN_UNDECLARED_SELECTOR = YES;
				GCC_WARN_UNINITIALIZED_AUTOS = YES_AGGRESSIVE;
				GCC_WARN_UNUSED_FUNCTION = YES;
				GCC_WARN_UNUSED_VARIABLE = YES;
				IPHONEOS_DEPLOYMENT_TARGET = 8.0;
				MTL_ENABLE_DEBUG_INFO = YES;
				ONLY_ACTIVE_ARCH = YES;
				SDKROOT = iphoneos;
				VERSIONING_SYSTEM = "apple-generic";
				VERSION_INFO_PREFIX = "";
			};
			name = Debug;
		};
		D955B1AC202FF82A000274AC /* Release */ = {
			isa = XCBuildConfiguration;
			buildSettings = {
				ALWAYS_SEARCH_USER_PATHS = NO;
				CLANG_ANALYZER_NONNULL = YES;
				CLANG_ANALYZER_NUMBER_OBJECT_CONVERSION = YES_AGGRESSIVE;
				CLANG_CXX_LANGUAGE_STANDARD = "gnu++14";
				CLANG_CXX_LIBRARY = "libc++";
				CLANG_ENABLE_MODULES = YES;
				CLANG_ENABLE_OBJC_ARC = YES;
				CLANG_WARN_BLOCK_CAPTURE_AUTORELEASING = YES;
				CLANG_WARN_BOOL_CONVERSION = YES;
				CLANG_WARN_COMMA = YES;
				CLANG_WARN_CONSTANT_CONVERSION = YES;
				CLANG_WARN_DIRECT_OBJC_ISA_USAGE = YES_ERROR;
				CLANG_WARN_DOCUMENTATION_COMMENTS = YES;
				CLANG_WARN_EMPTY_BODY = YES;
				CLANG_WARN_ENUM_CONVERSION = YES;
				CLANG_WARN_INFINITE_RECURSION = YES;
				CLANG_WARN_INT_CONVERSION = YES;
				CLANG_WARN_NON_LITERAL_NULL_CONVERSION = YES;
				CLANG_WARN_OBJC_LITERAL_CONVERSION = YES;
				CLANG_WARN_OBJC_ROOT_CLASS = YES_ERROR;
				CLANG_WARN_RANGE_LOOP_ANALYSIS = YES;
				CLANG_WARN_STRICT_PROTOTYPES = YES;
				CLANG_WARN_SUSPICIOUS_MOVE = YES;
				CLANG_WARN_UNGUARDED_AVAILABILITY = YES_AGGRESSIVE;
				CLANG_WARN_UNREACHABLE_CODE = YES;
				CLANG_WARN__DUPLICATE_METHOD_MATCH = YES;
				CODE_SIGN_IDENTITY = "iPhone Developer";
				COPY_PHASE_STRIP = NO;
				CURRENT_PROJECT_VERSION = 1;
				DEBUG_INFORMATION_FORMAT = "dwarf-with-dsym";
				ENABLE_NS_ASSERTIONS = NO;
				ENABLE_STRICT_OBJC_MSGSEND = YES;
				GCC_C_LANGUAGE_STANDARD = gnu11;
				GCC_NO_COMMON_BLOCKS = YES;
				GCC_WARN_64_TO_32_BIT_CONVERSION = YES;
				GCC_WARN_ABOUT_RETURN_TYPE = YES_ERROR;
				GCC_WARN_UNDECLARED_SELECTOR = YES;
				GCC_WARN_UNINITIALIZED_AUTOS = YES_AGGRESSIVE;
				GCC_WARN_UNUSED_FUNCTION = YES;
				GCC_WARN_UNUSED_VARIABLE = YES;
				IPHONEOS_DEPLOYMENT_TARGET = 8.0;
				MTL_ENABLE_DEBUG_INFO = NO;
				SDKROOT = iphoneos;
				VALIDATE_PRODUCT = YES;
				VERSIONING_SYSTEM = "apple-generic";
				VERSION_INFO_PREFIX = "";
			};
			name = Release;
		};
		D9F01A0D20AAE8420014349F /* Debug */ = {
			isa = XCBuildConfiguration;
			buildSettings = {
				CLANG_ENABLE_OBJC_WEAK = YES;
				CLANG_WARN_DEPRECATED_OBJC_IMPLEMENTATIONS = YES;
				CLANG_WARN_OBJC_IMPLICIT_RETAIN_SELF = YES;
				CODE_SIGN_STYLE = Automatic;
				DEVELOPMENT_TEAM = 6L37LAR3GU;
				IPHONEOS_DEPLOYMENT_TARGET = 11.3;
				OTHER_LDFLAGS = "-ObjC";
				PRODUCT_NAME = "$(TARGET_NAME)";
				SKIP_INSTALL = YES;
				TARGETED_DEVICE_FAMILY = "1,2";
			};
			name = Debug;
		};
		D9F01A0E20AAE8420014349F /* Release */ = {
			isa = XCBuildConfiguration;
			buildSettings = {
				CLANG_ENABLE_OBJC_WEAK = YES;
				CLANG_WARN_DEPRECATED_OBJC_IMPLEMENTATIONS = YES;
				CLANG_WARN_OBJC_IMPLICIT_RETAIN_SELF = YES;
				CODE_SIGN_STYLE = Automatic;
				DEVELOPMENT_TEAM = 6L37LAR3GU;
				IPHONEOS_DEPLOYMENT_TARGET = 11.3;
				OTHER_LDFLAGS = "-ObjC";
				PRODUCT_NAME = "$(TARGET_NAME)";
				SKIP_INSTALL = YES;
				TARGETED_DEVICE_FAMILY = "1,2";
			};
			name = Release;
		};
/* End XCBuildConfiguration section */

/* Begin XCConfigurationList section */
		D955B19F202FF82A000274AC /* Build configuration list for PBXProject "RNBindingX" */ = {
			isa = XCConfigurationList;
			buildConfigurations = (
				D955B1AB202FF82A000274AC /* Debug */,
				D955B1AC202FF82A000274AC /* Release */,
			);
			defaultConfigurationIsVisible = 0;
			defaultConfigurationName = Release;
		};
		D9F01A0C20AAE8420014349F /* Build configuration list for PBXNativeTarget "RNBindingX" */ = {
			isa = XCConfigurationList;
			buildConfigurations = (
				D9F01A0D20AAE8420014349F /* Debug */,
				D9F01A0E20AAE8420014349F /* Release */,
			);
			defaultConfigurationIsVisible = 0;
			defaultConfigurationName = Release;
		};
/* End XCConfigurationList section */
	};
	rootObject = D955B19C202FF82A000274AC /* Project object */;
}
