// !$*UTF8*$!
{
	archiveVersion = 1;
	classes = {
	};
	objectVersion = 48;
	objects = {

/* Begin PBXBuildFile section */
		086D90C1F74671543A35EA7F /* libPods-RNBindingX.a in Frameworks */ = {isa = PBXBuildFile; fileRef = BE05DC8499B09B9275CF5771 /* libPods-RNBindingX.a */; };
		D955B1AA202FF82A000274AC /* RNBindingX.h in Headers */ = {isa = PBXBuildFile; fileRef = D955B1A8202FF82A000274AC /* RNBindingX.h */; settings = {ATTRIBUTES = (Public, ); }; };
		D955B1B4202FF851000274AC /* EBUtility+RN.m in Sources */ = {isa = PBXBuildFile; fileRef = D955B1B0202FF850000274AC /* EBUtility+RN.m */; };
		D955B1B5202FF851000274AC /* RNEBModule.m in Sources */ = {isa = PBXBuildFile; fileRef = D955B1B1202FF851000274AC /* RNEBModule.m */; };
		D955B1B6202FF851000274AC /* RNEBModule.h in Headers */ = {isa = PBXBuildFile; fileRef = D955B1B2202FF851000274AC /* RNEBModule.h */; };
		D955B1B7202FF851000274AC /* EBUtility+RN.h in Headers */ = {isa = PBXBuildFile; fileRef = D955B1B3202FF851000274AC /* EBUtility+RN.h */; };
		D955B24D2030102C000274AC /* EBNativeFunction.h in Headers */ = {isa = PBXBuildFile; fileRef = D955B21C2030102B000274AC /* EBNativeFunction.h */; };
		D955B24E2030102C000274AC /* EBExpressionHandler.m in Sources */ = {isa = PBXBuildFile; fileRef = D955B21D2030102B000274AC /* EBExpressionHandler.m */; };
		D955B24F2030102C000274AC /* EBExpression.m in Sources */ = {isa = PBXBuildFile; fileRef = D955B21E2030102B000274AC /* EBExpression.m */; };
		D955B2502030102C000274AC /* EBJSObject.m in Sources */ = {isa = PBXBuildFile; fileRef = D955B21F2030102B000274AC /* EBJSObject.m */; };
		D955B2512030102C000274AC /* EBGyroEuler.h in Headers */ = {isa = PBXBuildFile; fileRef = D955B2202030102B000274AC /* EBGyroEuler.h */; };
		D955B2522030102C000274AC /* EBGyroVector3.m in Sources */ = {isa = PBXBuildFile; fileRef = D955B2212030102B000274AC /* EBGyroVector3.m */; };
		D955B2532030102C000274AC /* EBExpressionExecutor.h in Headers */ = {isa = PBXBuildFile; fileRef = D955B2222030102B000274AC /* EBExpressionExecutor.h */; };
		D955B2542030102C000274AC /* EBGyroOrientationEvaluator.m in Sources */ = {isa = PBXBuildFile; fileRef = D955B2232030102B000274AC /* EBGyroOrientationEvaluator.m */; };
		D955B2552030102C000274AC /* EBUtility.m in Sources */ = {isa = PBXBuildFile; fileRef = D955B2242030102B000274AC /* EBUtility.m */; };
		D955B2562030102C000274AC /* EBTaffyTuple.m in Sources */ = {isa = PBXBuildFile; fileRef = D955B2252030102B000274AC /* EBTaffyTuple.m */; };
		D955B2572030102C000274AC /* EBExpressionGesture.m in Sources */ = {isa = PBXBuildFile; fileRef = D955B2262030102B000274AC /* EBExpressionGesture.m */; };
		D955B2582030102C000274AC /* EBJSTransform.m in Sources */ = {isa = PBXBuildFile; fileRef = D955B2272030102B000274AC /* EBJSTransform.m */; };
		D955B2592030102C000274AC /* EBGyroManager.h in Headers */ = {isa = PBXBuildFile; fileRef = D955B2282030102B000274AC /* EBGyroManager.h */; };
		D955B25A2030102C000274AC /* EBGyroQuaternion.h in Headers */ = {isa = PBXBuildFile; fileRef = D955B2292030102B000274AC /* EBGyroQuaternion.h */; };
		D955B25B2030102C000274AC /* EBExpressionProperty.h in Headers */ = {isa = PBXBuildFile; fileRef = D955B22A2030102B000274AC /* EBExpressionProperty.h */; };
		D955B25C2030102C000274AC /* EBExpressionTiming.h in Headers */ = {isa = PBXBuildFile; fileRef = D955B22B2030102B000274AC /* EBExpressionTiming.h */; };
		D955B25D2030102C000274AC /* EBJSCallable.h in Headers */ = {isa = PBXBuildFile; fileRef = D955B22C2030102B000274AC /* EBJSCallable.h */; };
		D955B25E2030102C000274AC /* EBExpressionOrientation.h in Headers */ = {isa = PBXBuildFile; fileRef = D955B22D2030102B000274AC /* EBExpressionOrientation.h */; };
		D955B25F2030102C000274AC /* EBExpressionScope.h in Headers */ = {isa = PBXBuildFile; fileRef = D955B22E2030102B000274AC /* EBExpressionScope.h */; };
		D955B2602030102C000274AC /* EBJSEase.h in Headers */ = {isa = PBXBuildFile; fileRef = D955B22F2030102B000274AC /* EBJSEase.h */; };
		D955B2612030102C000274AC /* EBJSEvaluate.m in Sources */ = {isa = PBXBuildFile; fileRef = D955B2302030102B000274AC /* EBJSEvaluate.m */; };
		D955B2622030102C000274AC /* EBJSMath.h in Headers */ = {isa = PBXBuildFile; fileRef = D955B2312030102B000274AC /* EBJSMath.h */; };
		D955B2632030102C000274AC /* NSObject+EBTuplePacker.h in Headers */ = {isa = PBXBuildFile; fileRef = D955B2322030102B000274AC /* NSObject+EBTuplePacker.h */; };
		D955B2642030102C000274AC /* EBExpressionScroller.m in Sources */ = {isa = PBXBuildFile; fileRef = D955B2332030102B000274AC /* EBExpressionScroller.m */; };
		D955B2652030102C000274AC /* EBExpressionExecutor.m in Sources */ = {isa = PBXBuildFile; fileRef = D955B2342030102B000274AC /* EBExpressionExecutor.m */; };
		D955B2662030102C000274AC /* EBGyroVector3.h in Headers */ = {isa = PBXBuildFile; fileRef = D955B2352030102B000274AC /* EBGyroVector3.h */; };
		D955B2672030102C000274AC /* EBGyroEuler.m in Sources */ = {isa = PBXBuildFile; fileRef = D955B2362030102B000274AC /* EBGyroEuler.m */; };
		D955B2682030102C000274AC /* EBJSObject.h in Headers */ = {isa = PBXBuildFile; fileRef = D955B2372030102B000274AC /* EBJSObject.h */; };
		D955B2692030102C000274AC /* EBExpressionHandler.h in Headers */ = {isa = PBXBuildFile; fileRef = D955B2382030102B000274AC /* EBExpressionHandler.h */; };
		D955B26A2030102C000274AC /* EBExpression.h in Headers */ = {isa = PBXBuildFile; fileRef = D955B2392030102B000274AC /* EBExpression.h */; };
		D955B26B2030102C000274AC /* EBNativeFunction.m in Sources */ = {isa = PBXBuildFile; fileRef = D955B23A2030102B000274AC /* EBNativeFunction.m */; };
		D955B26C2030102C000274AC /* EBGyroQuaternion.m in Sources */ = {isa = PBXBuildFile; fileRef = D955B23B2030102B000274AC /* EBGyroQuaternion.m */; };
		D955B26D2030102C000274AC /* EBGyroManager.m in Sources */ = {isa = PBXBuildFile; fileRef = D955B23C2030102B000274AC /* EBGyroManager.m */; };
		D955B26E2030102C000274AC /* EBTaffyTuple.h in Headers */ = {isa = PBXBuildFile; fileRef = D955B23D2030102B000274AC /* EBTaffyTuple.h */; };
		D955B26F2030102C000274AC /* EBJSTransform.h in Headers */ = {isa = PBXBuildFile; fileRef = D955B23E2030102B000274AC /* EBJSTransform.h */; };
		D955B2702030102C000274AC /* EBExpressionGesture.h in Headers */ = {isa = PBXBuildFile; fileRef = D955B23F2030102B000274AC /* EBExpressionGesture.h */; };
		D955B2712030102C000274AC /* EBUtility.h in Headers */ = {isa = PBXBuildFile; fileRef = D955B2402030102B000274AC /* EBUtility.h */; };
		D955B2722030102C000274AC /* EBGyroOrientationEvaluator.h in Headers */ = {isa = PBXBuildFile; fileRef = D955B2412030102B000274AC /* EBGyroOrientationEvaluator.h */; };
		D955B2732030102C000274AC /* EBJSArray.h in Headers */ = {isa = PBXBuildFile; fileRef = D955B2422030102B000274AC /* EBJSArray.h */; };
		D955B2742030102C000274AC /* EBJSEase.m in Sources */ = {isa = PBXBuildFile; fileRef = D955B2432030102B000274AC /* EBJSEase.m */; };
		D955B2752030102C000274AC /* EBExpressionScope.m in Sources */ = {isa = PBXBuildFile; fileRef = D955B2442030102B000274AC /* EBExpressionScope.m */; };
		D955B2762030102C000274AC /* EBExpressionOrientation.m in Sources */ = {isa = PBXBuildFile; fileRef = D955B2452030102B000274AC /* EBExpressionOrientation.m */; };
		D955B2772030102C000274AC /* EBExpressionTiming.m in Sources */ = {isa = PBXBuildFile; fileRef = D955B2462030102B000274AC /* EBExpressionTiming.m */; };
		D955B2782030102C000274AC /* EBExpressionProperty.m in Sources */ = {isa = PBXBuildFile; fileRef = D955B2472030102B000274AC /* EBExpressionProperty.m */; };
		D955B2792030102C000274AC /* EBJSFunction.h in Headers */ = {isa = PBXBuildFile; fileRef = D955B2482030102B000274AC /* EBJSFunction.h */; };
		D955B27A2030102C000274AC /* EBExpressionScroller.h in Headers */ = {isa = PBXBuildFile; fileRef = D955B2492030102B000274AC /* EBExpressionScroller.h */; };
		D955B27B2030102C000274AC /* EBJSMath.m in Sources */ = {isa = PBXBuildFile; fileRef = D955B24A2030102B000274AC /* EBJSMath.m */; };
		D955B27C2030102C000274AC /* NSObject+EBTuplePacker.m in Sources */ = {isa = PBXBuildFile; fileRef = D955B24B2030102B000274AC /* NSObject+EBTuplePacker.m */; };
		D955B27D2030102C000274AC /* EBJSEvaluate.h in Headers */ = {isa = PBXBuildFile; fileRef = D955B24C2030102B000274AC /* EBJSEvaluate.h */; };
/* End PBXBuildFile section */

/* Begin PBXFileReference section */
		22E206646D407E09F01C771E /* Pods-RNBindingX.debug.xcconfig */ = {isa = PBXFileReference; includeInIndex = 1; lastKnownFileType = text.xcconfig; name = "Pods-RNBindingX.debug.xcconfig"; path = "Pods/Target Support Files/Pods-RNBindingX/Pods-RNBindingX.debug.xcconfig"; sourceTree = "<group>"; };
		BB15E6679FBB269F8447243B /* Pods-RNBindingX.release.xcconfig */ = {isa = PBXFileReference; includeInIndex = 1; lastKnownFileType = text.xcconfig; name = "Pods-RNBindingX.release.xcconfig"; path = "Pods/Target Support Files/Pods-RNBindingX/Pods-RNBindingX.release.xcconfig"; sourceTree = "<group>"; };
		BE05DC8499B09B9275CF5771 /* libPods-RNBindingX.a */ = {isa = PBXFileReference; explicitFileType = archive.ar; includeInIndex = 0; path = "libPods-RNBindingX.a"; sourceTree = BUILT_PRODUCTS_DIR; };
		D955B1A5202FF82A000274AC /* RNBindingX.framework */ = {isa = PBXFileReference; explicitFileType = wrapper.framework; includeInIndex = 0; path = RNBindingX.framework; sourceTree = BUILT_PRODUCTS_DIR; };
		D955B1A8202FF82A000274AC /* RNBindingX.h */ = {isa = PBXFileReference; lastKnownFileType = sourcecode.c.h; path = RNBindingX.h; sourceTree = "<group>"; };
		D955B1A9202FF82A000274AC /* Info.plist */ = {isa = PBXFileReference; lastKnownFileType = text.plist.xml; path = Info.plist; sourceTree = "<group>"; };
		D955B1B0202FF850000274AC /* EBUtility+RN.m */ = {isa = PBXFileReference; fileEncoding = 4; lastKnownFileType = sourcecode.c.objc; path = "EBUtility+RN.m"; sourceTree = "<group>"; };
		D955B1B1202FF851000274AC /* RNEBModule.m */ = {isa = PBXFileReference; fileEncoding = 4; lastKnownFileType = sourcecode.c.objc; path = RNEBModule.m; sourceTree = "<group>"; };
		D955B1B2202FF851000274AC /* RNEBModule.h */ = {isa = PBXFileReference; fileEncoding = 4; lastKnownFileType = sourcecode.c.h; path = RNEBModule.h; sourceTree = "<group>"; };
		D955B1B3202FF851000274AC /* EBUtility+RN.h */ = {isa = PBXFileReference; fileEncoding = 4; lastKnownFileType = sourcecode.c.h; path = "EBUtility+RN.h"; sourceTree = "<group>"; };
		D955B21C2030102B000274AC /* EBNativeFunction.h */ = {isa = PBXFileReference; fileEncoding = 4; lastKnownFileType = sourcecode.c.h; path = EBNativeFunction.h; sourceTree = "<group>"; };
		D955B21D2030102B000274AC /* EBExpressionHandler.m */ = {isa = PBXFileReference; fileEncoding = 4; lastKnownFileType = sourcecode.c.objc; path = EBExpressionHandler.m; sourceTree = "<group>"; };
		D955B21E2030102B000274AC /* EBExpression.m */ = {isa = PBXFileReference; fileEncoding = 4; lastKnownFileType = sourcecode.c.objc; path = EBExpression.m; sourceTree = "<group>"; };
		D955B21F2030102B000274AC /* EBJSObject.m */ = {isa = PBXFileReference; fileEncoding = 4; lastKnownFileType = sourcecode.c.objc; path = EBJSObject.m; sourceTree = "<group>"; };
		D955B2202030102B000274AC /* EBGyroEuler.h */ = {isa = PBXFileReference; fileEncoding = 4; lastKnownFileType = sourcecode.c.h; path = EBGyroEuler.h; sourceTree = "<group>"; };
		D955B2212030102B000274AC /* EBGyroVector3.m */ = {isa = PBXFileReference; fileEncoding = 4; lastKnownFileType = sourcecode.c.objc; path = EBGyroVector3.m; sourceTree = "<group>"; };
		D955B2222030102B000274AC /* EBExpressionExecutor.h */ = {isa = PBXFileReference; fileEncoding = 4; lastKnownFileType = sourcecode.c.h; path = EBExpressionExecutor.h; sourceTree = "<group>"; };
		D955B2232030102B000274AC /* EBGyroOrientationEvaluator.m */ = {isa = PBXFileReference; fileEncoding = 4; lastKnownFileType = sourcecode.c.objc; path = EBGyroOrientationEvaluator.m; sourceTree = "<group>"; };
		D955B2242030102B000274AC /* EBUtility.m */ = {isa = PBXFileReference; fileEncoding = 4; lastKnownFileType = sourcecode.c.objc; path = EBUtility.m; sourceTree = "<group>"; };
		D955B2252030102B000274AC /* EBTaffyTuple.m */ = {isa = PBXFileReference; fileEncoding = 4; lastKnownFileType = sourcecode.c.objc; path = EBTaffyTuple.m; sourceTree = "<group>"; };
		D955B2262030102B000274AC /* EBExpressionGesture.m */ = {isa = PBXFileReference; fileEncoding = 4; lastKnownFileType = sourcecode.c.objc; path = EBExpressionGesture.m; sourceTree = "<group>"; };
		D955B2272030102B000274AC /* EBJSTransform.m */ = {isa = PBXFileReference; fileEncoding = 4; lastKnownFileType = sourcecode.c.objc; path = EBJSTransform.m; sourceTree = "<group>"; };
		D955B2282030102B000274AC /* EBGyroManager.h */ = {isa = PBXFileReference; fileEncoding = 4; lastKnownFileType = sourcecode.c.h; path = EBGyroManager.h; sourceTree = "<group>"; };
		D955B2292030102B000274AC /* EBGyroQuaternion.h */ = {isa = PBXFileReference; fileEncoding = 4; lastKnownFileType = sourcecode.c.h; path = EBGyroQuaternion.h; sourceTree = "<group>"; };
		D955B22A2030102B000274AC /* EBExpressionProperty.h */ = {isa = PBXFileReference; fileEncoding = 4; lastKnownFileType = sourcecode.c.h; path = EBExpressionProperty.h; sourceTree = "<group>"; };
		D955B22B2030102B000274AC /* EBExpressionTiming.h */ = {isa = PBXFileReference; fileEncoding = 4; lastKnownFileType = sourcecode.c.h; path = EBExpressionTiming.h; sourceTree = "<group>"; };
		D955B22C2030102B000274AC /* EBJSCallable.h */ = {isa = PBXFileReference; fileEncoding = 4; lastKnownFileType = sourcecode.c.h; path = EBJSCallable.h; sourceTree = "<group>"; };
		D955B22D2030102B000274AC /* EBExpressionOrientation.h */ = {isa = PBXFileReference; fileEncoding = 4; lastKnownFileType = sourcecode.c.h; path = EBExpressionOrientation.h; sourceTree = "<group>"; };
		D955B22E2030102B000274AC /* EBExpressionScope.h */ = {isa = PBXFileReference; fileEncoding = 4; lastKnownFileType = sourcecode.c.h; path = EBExpressionScope.h; sourceTree = "<group>"; };
		D955B22F2030102B000274AC /* EBJSEase.h */ = {isa = PBXFileReference; fileEncoding = 4; lastKnownFileType = sourcecode.c.h; path = EBJSEase.h; sourceTree = "<group>"; };
		D955B2302030102B000274AC /* EBJSEvaluate.m */ = {isa = PBXFileReference; fileEncoding = 4; lastKnownFileType = sourcecode.c.objc; path = EBJSEvaluate.m; sourceTree = "<group>"; };
		D955B2312030102B000274AC /* EBJSMath.h */ = {isa = PBXFileReference; fileEncoding = 4; lastKnownFileType = sourcecode.c.h; path = EBJSMath.h; sourceTree = "<group>"; };
		D955B2322030102B000274AC /* NSObject+EBTuplePacker.h */ = {isa = PBXFileReference; fileEncoding = 4; lastKnownFileType = sourcecode.c.h; path = "NSObject+EBTuplePacker.h"; sourceTree = "<group>"; };
		D955B2332030102B000274AC /* EBExpressionScroller.m */ = {isa = PBXFileReference; fileEncoding = 4; lastKnownFileType = sourcecode.c.objc; path = EBExpressionScroller.m; sourceTree = "<group>"; };
		D955B2342030102B000274AC /* EBExpressionExecutor.m */ = {isa = PBXFileReference; fileEncoding = 4; lastKnownFileType = sourcecode.c.objc; path = EBExpressionExecutor.m; sourceTree = "<group>"; };
		D955B2352030102B000274AC /* EBGyroVector3.h */ = {isa = PBXFileReference; fileEncoding = 4; lastKnownFileType = sourcecode.c.h; path = EBGyroVector3.h; sourceTree = "<group>"; };
		D955B2362030102B000274AC /* EBGyroEuler.m */ = {isa = PBXFileReference; fileEncoding = 4; lastKnownFileType = sourcecode.c.objc; path = EBGyroEuler.m; sourceTree = "<group>"; };
		D955B2372030102B000274AC /* EBJSObject.h */ = {isa = PBXFileReference; fileEncoding = 4; lastKnownFileType = sourcecode.c.h; path = EBJSObject.h; sourceTree = "<group>"; };
		D955B2382030102B000274AC /* EBExpressionHandler.h */ = {isa = PBXFileReference; fileEncoding = 4; lastKnownFileType = sourcecode.c.h; path = EBExpressionHandler.h; sourceTree = "<group>"; };
		D955B2392030102B000274AC /* EBExpression.h */ = {isa = PBXFileReference; fileEncoding = 4; lastKnownFileType = sourcecode.c.h; path = EBExpression.h; sourceTree = "<group>"; };
		D955B23A2030102B000274AC /* EBNativeFunction.m */ = {isa = PBXFileReference; fileEncoding = 4; lastKnownFileType = sourcecode.c.objc; path = EBNativeFunction.m; sourceTree = "<group>"; };
		D955B23B2030102B000274AC /* EBGyroQuaternion.m */ = {isa = PBXFileReference; fileEncoding = 4; lastKnownFileType = sourcecode.c.objc; path = EBGyroQuaternion.m; sourceTree = "<group>"; };
		D955B23C2030102B000274AC /* EBGyroManager.m */ = {isa = PBXFileReference; fileEncoding = 4; lastKnownFileType = sourcecode.c.objc; path = EBGyroManager.m; sourceTree = "<group>"; };
		D955B23D2030102B000274AC /* EBTaffyTuple.h */ = {isa = PBXFileReference; fileEncoding = 4; lastKnownFileType = sourcecode.c.h; path = EBTaffyTuple.h; sourceTree = "<group>"; };
		D955B23E2030102B000274AC /* EBJSTransform.h */ = {isa = PBXFileReference; fileEncoding = 4; lastKnownFileType = sourcecode.c.h; path = EBJSTransform.h; sourceTree = "<group>"; };
		D955B23F2030102B000274AC /* EBExpressionGesture.h */ = {isa = PBXFileReference; fileEncoding = 4; lastKnownFileType = sourcecode.c.h; path = EBExpressionGesture.h; sourceTree = "<group>"; };
		D955B2402030102B000274AC /* EBUtility.h */ = {isa = PBXFileReference; fileEncoding = 4; lastKnownFileType = sourcecode.c.h; path = EBUtility.h; sourceTree = "<group>"; };
		D955B2412030102B000274AC /* EBGyroOrientationEvaluator.h */ = {isa = PBXFileReference; fileEncoding = 4; lastKnownFileType = sourcecode.c.h; path = EBGyroOrientationEvaluator.h; sourceTree = "<group>"; };
		D955B2422030102B000274AC /* EBJSArray.h */ = {isa = PBXFileReference; fileEncoding = 4; lastKnownFileType = sourcecode.c.h; path = EBJSArray.h; sourceTree = "<group>"; };
		D955B2432030102B000274AC /* EBJSEase.m */ = {isa = PBXFileReference; fileEncoding = 4; lastKnownFileType = sourcecode.c.objc; path = EBJSEase.m; sourceTree = "<group>"; };
		D955B2442030102B000274AC /* EBExpressionScope.m */ = {isa = PBXFileReference; fileEncoding = 4; lastKnownFileType = sourcecode.c.objc; path = EBExpressionScope.m; sourceTree = "<group>"; };
		D955B2452030102B000274AC /* EBExpressionOrientation.m */ = {isa = PBXFileReference; fileEncoding = 4; lastKnownFileType = sourcecode.c.objc; path = EBExpressionOrientation.m; sourceTree = "<group>"; };
		D955B2462030102B000274AC /* EBExpressionTiming.m */ = {isa = PBXFileReference; fileEncoding = 4; lastKnownFileType = sourcecode.c.objc; path = EBExpressionTiming.m; sourceTree = "<group>"; };
		D955B2472030102B000274AC /* EBExpressionProperty.m */ = {isa = PBXFileReference; fileEncoding = 4; lastKnownFileType = sourcecode.c.objc; path = EBExpressionProperty.m; sourceTree = "<group>"; };
		D955B2482030102B000274AC /* EBJSFunction.h */ = {isa = PBXFileReference; fileEncoding = 4; lastKnownFileType = sourcecode.c.h; path = EBJSFunction.h; sourceTree = "<group>"; };
		D955B2492030102B000274AC /* EBExpressionScroller.h */ = {isa = PBXFileReference; fileEncoding = 4; lastKnownFileType = sourcecode.c.h; path = EBExpressionScroller.h; sourceTree = "<group>"; };
		D955B24A2030102B000274AC /* EBJSMath.m */ = {isa = PBXFileReference; fileEncoding = 4; lastKnownFileType = sourcecode.c.objc; path = EBJSMath.m; sourceTree = "<group>"; };
		D955B24B2030102B000274AC /* NSObject+EBTuplePacker.m */ = {isa = PBXFileReference; fileEncoding = 4; lastKnownFileType = sourcecode.c.objc; path = "NSObject+EBTuplePacker.m"; sourceTree = "<group>"; };
		D955B24C2030102B000274AC /* EBJSEvaluate.h */ = {isa = PBXFileReference; fileEncoding = 4; lastKnownFileType = sourcecode.c.h; path = EBJSEvaluate.h; sourceTree = "<group>"; };
/* End PBXFileReference section */

/* Begin PBXFrameworksBuildPhase section */
		D955B1A1202FF82A000274AC /* Frameworks */ = {
			isa = PBXFrameworksBuildPhase;
			buildActionMask = 2147483647;
			files = (
				086D90C1F74671543A35EA7F /* libPods-RNBindingX.a in Frameworks */,
			);
			runOnlyForDeploymentPostprocessing = 0;
		};
/* End PBXFrameworksBuildPhase section */

/* Begin PBXGroup section */
		0FCA19E944CBB2BE0B6762D1 /* Pods */ = {
			isa = PBXGroup;
			children = (
				22E206646D407E09F01C771E /* Pods-RNBindingX.debug.xcconfig */,
				BB15E6679FBB269F8447243B /* Pods-RNBindingX.release.xcconfig */,
			);
			name = Pods;
			sourceTree = "<group>";
		};
		5671271A8550C4B4B4663A29 /* Frameworks */ = {
			isa = PBXGroup;
			children = (
				BE05DC8499B09B9275CF5771 /* libPods-RNBindingX.a */,
			);
			name = Frameworks;
			sourceTree = "<group>";
		};
		D955B19B202FF82A000274AC = {
			isa = PBXGroup;
			children = (
				D955B1A7202FF82A000274AC /* RNBindingX */,
				D955B1A6202FF82A000274AC /* Products */,
				0FCA19E944CBB2BE0B6762D1 /* Pods */,
				5671271A8550C4B4B4663A29 /* Frameworks */,
			);
			sourceTree = "<group>";
		};
		D955B1A6202FF82A000274AC /* Products */ = {
			isa = PBXGroup;
			children = (
				D955B1A5202FF82A000274AC /* RNBindingX.framework */,
			);
			name = Products;
			sourceTree = "<group>";
		};
		D955B1A7202FF82A000274AC /* RNBindingX */ = {
			isa = PBXGroup;
			children = (
				D955B21B2030102B000274AC /* core */,
				D955B1B3202FF851000274AC /* EBUtility+RN.h */,
				D955B1B0202FF850000274AC /* EBUtility+RN.m */,
				D955B1B2202FF851000274AC /* RNEBModule.h */,
				D955B1B1202FF851000274AC /* RNEBModule.m */,
				D955B1A8202FF82A000274AC /* RNBindingX.h */,
				D955B1A9202FF82A000274AC /* Info.plist */,
			);
			path = RNBindingX;
			sourceTree = "<group>";
		};
		D955B21B2030102B000274AC /* core */ = {
			isa = PBXGroup;
			children = (
				D955B21C2030102B000274AC /* EBNativeFunction.h */,
				D955B21D2030102B000274AC /* EBExpressionHandler.m */,
				D955B21E2030102B000274AC /* EBExpression.m */,
				D955B21F2030102B000274AC /* EBJSObject.m */,
				D955B2202030102B000274AC /* EBGyroEuler.h */,
				D955B2212030102B000274AC /* EBGyroVector3.m */,
				D955B2222030102B000274AC /* EBExpressionExecutor.h */,
				D955B2232030102B000274AC /* EBGyroOrientationEvaluator.m */,
				D955B2242030102B000274AC /* EBUtility.m */,
				D955B2252030102B000274AC /* EBTaffyTuple.m */,
				D955B2262030102B000274AC /* EBExpressionGesture.m */,
				D955B2272030102B000274AC /* EBJSTransform.m */,
				D955B2282030102B000274AC /* EBGyroManager.h */,
				D955B2292030102B000274AC /* EBGyroQuaternion.h */,
				D955B22A2030102B000274AC /* EBExpressionProperty.h */,
				D955B22B2030102B000274AC /* EBExpressionTiming.h */,
				D955B22C2030102B000274AC /* EBJSCallable.h */,
				D955B22D2030102B000274AC /* EBExpressionOrientation.h */,
				D955B22E2030102B000274AC /* EBExpressionScope.h */,
				D955B22F2030102B000274AC /* EBJSEase.h */,
				D955B2302030102B000274AC /* EBJSEvaluate.m */,
				D955B2312030102B000274AC /* EBJSMath.h */,
				D955B2322030102B000274AC /* NSObject+EBTuplePacker.h */,
				D955B2332030102B000274AC /* EBExpressionScroller.m */,
				D955B2342030102B000274AC /* EBExpressionExecutor.m */,
				D955B2352030102B000274AC /* EBGyroVector3.h */,
				D955B2362030102B000274AC /* EBGyroEuler.m */,
				D955B2372030102B000274AC /* EBJSObject.h */,
				D955B2382030102B000274AC /* EBExpressionHandler.h */,
				D955B2392030102B000274AC /* EBExpression.h */,
				D955B23A2030102B000274AC /* EBNativeFunction.m */,
				D955B23B2030102B000274AC /* EBGyroQuaternion.m */,
				D955B23C2030102B000274AC /* EBGyroManager.m */,
				D955B23D2030102B000274AC /* EBTaffyTuple.h */,
				D955B23E2030102B000274AC /* EBJSTransform.h */,
				D955B23F2030102B000274AC /* EBExpressionGesture.h */,
				D955B2402030102B000274AC /* EBUtility.h */,
				D955B2412030102B000274AC /* EBGyroOrientationEvaluator.h */,
				D955B2422030102B000274AC /* EBJSArray.h */,
				D955B2432030102B000274AC /* EBJSEase.m */,
				D955B2442030102B000274AC /* EBExpressionScope.m */,
				D955B2452030102B000274AC /* EBExpressionOrientation.m */,
				D955B2462030102B000274AC /* EBExpressionTiming.m */,
				D955B2472030102B000274AC /* EBExpressionProperty.m */,
				D955B2482030102B000274AC /* EBJSFunction.h */,
				D955B2492030102B000274AC /* EBExpressionScroller.h */,
				D955B24A2030102B000274AC /* EBJSMath.m */,
				D955B24B2030102B000274AC /* NSObject+EBTuplePacker.m */,
				D955B24C2030102B000274AC /* EBJSEvaluate.h */,
			);
			name = core;
			path = ../../../../core/ios/core;
			sourceTree = "<group>";
		};
/* End PBXGroup section */

/* Begin PBXHeadersBuildPhase section */
		D955B1A2202FF82A000274AC /* Headers */ = {
			isa = PBXHeadersBuildPhase;
			buildActionMask = 2147483647;
			files = (
				D955B24D2030102C000274AC /* EBNativeFunction.h in Headers */,
				D955B1AA202FF82A000274AC /* RNBindingX.h in Headers */,
				D955B2532030102C000274AC /* EBExpressionExecutor.h in Headers */,
				D955B26F2030102C000274AC /* EBJSTransform.h in Headers */,
				D955B2712030102C000274AC /* EBUtility.h in Headers */,
				D955B25B2030102C000274AC /* EBExpressionProperty.h in Headers */,
				D955B2512030102C000274AC /* EBGyroEuler.h in Headers */,
				D955B2682030102C000274AC /* EBJSObject.h in Headers */,
				D955B25C2030102C000274AC /* EBExpressionTiming.h in Headers */,
				D955B27A2030102C000274AC /* EBExpressionScroller.h in Headers */,
				D955B25E2030102C000274AC /* EBExpressionOrientation.h in Headers */,
				D955B1B6202FF851000274AC /* RNEBModule.h in Headers */,
				D955B2632030102C000274AC /* NSObject+EBTuplePacker.h in Headers */,
				D955B25D2030102C000274AC /* EBJSCallable.h in Headers */,
				D955B2792030102C000274AC /* EBJSFunction.h in Headers */,
				D955B26A2030102C000274AC /* EBExpression.h in Headers */,
				D955B2592030102C000274AC /* EBGyroManager.h in Headers */,
				D955B25A2030102C000274AC /* EBGyroQuaternion.h in Headers */,
				D955B2622030102C000274AC /* EBJSMath.h in Headers */,
				D955B2692030102C000274AC /* EBExpressionHandler.h in Headers */,
				D955B25F2030102C000274AC /* EBExpressionScope.h in Headers */,
				D955B26E2030102C000274AC /* EBTaffyTuple.h in Headers */,
				D955B27D2030102C000274AC /* EBJSEvaluate.h in Headers */,
				D955B2602030102C000274AC /* EBJSEase.h in Headers */,
				D955B1B7202FF851000274AC /* EBUtility+RN.h in Headers */,
				D955B2722030102C000274AC /* EBGyroOrientationEvaluator.h in Headers */,
				D955B2702030102C000274AC /* EBExpressionGesture.h in Headers */,
				D955B2732030102C000274AC /* EBJSArray.h in Headers */,
				D955B2662030102C000274AC /* EBGyroVector3.h in Headers */,
			);
			runOnlyForDeploymentPostprocessing = 0;
		};
/* End PBXHeadersBuildPhase section */

/* Begin PBXNativeTarget section */
		D955B1A4202FF82A000274AC /* RNBindingX */ = {
			isa = PBXNativeTarget;
			buildConfigurationList = D955B1AD202FF82A000274AC /* Build configuration list for PBXNativeTarget "RNBindingX" */;
			buildPhases = (
				3E3FBA0FF83339A9564918AE /* [CP] Check Pods Manifest.lock */,
				D955B1A0202FF82A000274AC /* Sources */,
				D955B1A1202FF82A000274AC /* Frameworks */,
				D955B1A2202FF82A000274AC /* Headers */,
				D955B1A3202FF82A000274AC /* Resources */,
				80B67943937D19C07AB21414 /* [CP] Copy Pods Resources */,
			);
			buildRules = (
			);
			dependencies = (
			);
			name = RNBindingX;
			productName = RNBindingX;
			productReference = D955B1A5202FF82A000274AC /* RNBindingX.framework */;
			productType = "com.apple.product-type.framework";
		};
/* End PBXNativeTarget section */

/* Begin PBXProject section */
		D955B19C202FF82A000274AC /* Project object */ = {
			isa = PBXProject;
			attributes = {
				LastUpgradeCheck = 0920;
				ORGANIZATIONNAME = Alibaba;
				TargetAttributes = {
					D955B1A4202FF82A000274AC = {
						CreatedOnToolsVersion = 9.2;
						ProvisioningStyle = Automatic;
					};
				};
			};
			buildConfigurationList = D955B19F202FF82A000274AC /* Build configuration list for PBXProject "RNBindingX" */;
			compatibilityVersion = "Xcode 8.0";
			developmentRegion = en;
			hasScannedForEncodings = 0;
			knownRegions = (
				en,
			);
			mainGroup = D955B19B202FF82A000274AC;
			productRefGroup = D955B1A6202FF82A000274AC /* Products */;
			projectDirPath = "";
			projectRoot = "";
			targets = (
				D955B1A4202FF82A000274AC /* RNBindingX */,
			);
		};
/* End PBXProject section */

/* Begin PBXResourcesBuildPhase section */
		D955B1A3202FF82A000274AC /* Resources */ = {
			isa = PBXResourcesBuildPhase;
			buildActionMask = 2147483647;
			files = (
			);
			runOnlyForDeploymentPostprocessing = 0;
		};
/* End PBXResourcesBuildPhase section */

/* Begin PBXShellScriptBuildPhase section */
		3E3FBA0FF83339A9564918AE /* [CP] Check Pods Manifest.lock */ = {
			isa = PBXShellScriptBuildPhase;
			buildActionMask = 2147483647;
			files = (
			);
			inputPaths = (
				"${PODS_PODFILE_DIR_PATH}/Podfile.lock",
				"${PODS_ROOT}/Manifest.lock",
			);
			name = "[CP] Check Pods Manifest.lock";
			outputPaths = (
				"$(DERIVED_FILE_DIR)/Pods-RNBindingX-checkManifestLockResult.txt",
			);
			runOnlyForDeploymentPostprocessing = 0;
			shellPath = /bin/sh;
			shellScript = "diff \"${PODS_PODFILE_DIR_PATH}/Podfile.lock\" \"${PODS_ROOT}/Manifest.lock\" > /dev/null\nif [ $? != 0 ] ; then\n    # print error to STDERR\n    echo \"error: The sandbox is not in sync with the Podfile.lock. Run 'pod install' or update your CocoaPods installation.\" >&2\n    exit 1\nfi\n# This output is used by Xcode 'outputs' to avoid re-running this script phase.\necho \"SUCCESS\" > \"${SCRIPT_OUTPUT_FILE_0}\"\n";
			showEnvVarsInLog = 0;
		};
		80B67943937D19C07AB21414 /* [CP] Copy Pods Resources */ = {
			isa = PBXShellScriptBuildPhase;
			buildActionMask = 2147483647;
			files = (
			);
			inputPaths = (
			);
			name = "[CP] Copy Pods Resources";
			outputPaths = (
			);
			runOnlyForDeploymentPostprocessing = 0;
			shellPath = /bin/sh;
			shellScript = "\"${SRCROOT}/Pods/Target Support Files/Pods-RNBindingX/Pods-RNBindingX-resources.sh\"\n";
			showEnvVarsInLog = 0;
		};
/* End PBXShellScriptBuildPhase section */

/* Begin PBXSourcesBuildPhase section */
		D955B1A0202FF82A000274AC /* Sources */ = {
			isa = PBXSourcesBuildPhase;
			buildActionMask = 2147483647;
			files = (
				D955B2612030102C000274AC /* EBJSEvaluate.m in Sources */,
				D955B26B2030102C000274AC /* EBNativeFunction.m in Sources */,
				D955B2562030102C000274AC /* EBTaffyTuple.m in Sources */,
				D955B27B2030102C000274AC /* EBJSMath.m in Sources */,
				D955B24F2030102C000274AC /* EBExpression.m in Sources */,
				D955B2552030102C000274AC /* EBUtility.m in Sources */,
				D955B2742030102C000274AC /* EBJSEase.m in Sources */,
				D955B26C2030102C000274AC /* EBGyroQuaternion.m in Sources */,
				D955B2782030102C000274AC /* EBExpressionProperty.m in Sources */,
				D955B2582030102C000274AC /* EBJSTransform.m in Sources */,
				D955B2502030102C000274AC /* EBJSObject.m in Sources */,
				D955B27C2030102C000274AC /* NSObject+EBTuplePacker.m in Sources */,
				D955B24E2030102C000274AC /* EBExpressionHandler.m in Sources */,
				D955B2542030102C000274AC /* EBGyroOrientationEvaluator.m in Sources */,
				D955B2752030102C000274AC /* EBExpressionScope.m in Sources */,
				D955B2572030102C000274AC /* EBExpressionGesture.m in Sources */,
				D955B2642030102C000274AC /* EBExpressionScroller.m in Sources */,
				D955B2772030102C000274AC /* EBExpressionTiming.m in Sources */,
				D955B1B5202FF851000274AC /* RNEBModule.m in Sources */,
				D955B2762030102C000274AC /* EBExpressionOrientation.m in Sources */,
				D955B2652030102C000274AC /* EBExpressionExecutor.m in Sources */,
				D955B2672030102C000274AC /* EBGyroEuler.m in Sources */,
				D955B2522030102C000274AC /* EBGyroVector3.m in Sources */,
				D955B1B4202FF851000274AC /* EBUtility+RN.m in Sources */,
				D955B26D2030102C000274AC /* EBGyroManager.m in Sources */,
			);
			runOnlyForDeploymentPostprocessing = 0;
		};
/* End PBXSourcesBuildPhase section */

/* Begin XCBuildConfiguration section */
		D955B1AB202FF82A000274AC /* Debug */ = {
			isa = XCBuildConfiguration;
			buildSettings = {
				ALWAYS_SEARCH_USER_PATHS = NO;
				CLANG_ANALYZER_NONNULL = YES;
				CLANG_ANALYZER_NUMBER_OBJECT_CONVERSION = YES_AGGRESSIVE;
				CLANG_CXX_LANGUAGE_STANDARD = "gnu++14";
				CLANG_CXX_LIBRARY = "libc++";
				CLANG_ENABLE_MODULES = YES;
				CLANG_ENABLE_OBJC_ARC = YES;
				CLANG_WARN_BLOCK_CAPTURE_AUTORELEASING = YES;
				CLANG_WARN_BOOL_CONVERSION = YES;
				CLANG_WARN_COMMA = YES;
				CLANG_WARN_CONSTANT_CONVERSION = YES;
				CLANG_WARN_DIRECT_OBJC_ISA_USAGE = YES_ERROR;
				CLANG_WARN_DOCUMENTATION_COMMENTS = YES;
				CLANG_WARN_EMPTY_BODY = YES;
				CLANG_WARN_ENUM_CONVERSION = YES;
				CLANG_WARN_INFINITE_RECURSION = YES;
				CLANG_WARN_INT_CONVERSION = YES;
				CLANG_WARN_NON_LITERAL_NULL_CONVERSION = YES;
				CLANG_WARN_OBJC_LITERAL_CONVERSION = YES;
				CLANG_WARN_OBJC_ROOT_CLASS = YES_ERROR;
				CLANG_WARN_RANGE_LOOP_ANALYSIS = YES;
				CLANG_WARN_STRICT_PROTOTYPES = YES;
				CLANG_WARN_SUSPICIOUS_MOVE = YES;
				CLANG_WARN_UNGUARDED_AVAILABILITY = YES_AGGRESSIVE;
				CLANG_WARN_UNREACHABLE_CODE = YES;
				CLANG_WARN__DUPLICATE_METHOD_MATCH = YES;
				CODE_SIGN_IDENTITY = "iPhone Developer";
				COPY_PHASE_STRIP = NO;
				CURRENT_PROJECT_VERSION = 1;
				DEBUG_INFORMATION_FORMAT = dwarf;
				ENABLE_STRICT_OBJC_MSGSEND = YES;
				ENABLE_TESTABILITY = YES;
				GCC_C_LANGUAGE_STANDARD = gnu11;
				GCC_DYNAMIC_NO_PIC = NO;
				GCC_NO_COMMON_BLOCKS = YES;
				GCC_OPTIMIZATION_LEVEL = 0;
				GCC_PREPROCESSOR_DEFINITIONS = (
					"DEBUG=1",
					"$(inherited)",
				);
				GCC_WARN_64_TO_32_BIT_CONVERSION = YES;
				GCC_WARN_ABOUT_RETURN_TYPE = YES_ERROR;
				GCC_WARN_UNDECLARED_SELECTOR = YES;
				GCC_WARN_UNINITIALIZED_AUTOS = YES_AGGRESSIVE;
				GCC_WARN_UNUSED_FUNCTION = YES;
				GCC_WARN_UNUSED_VARIABLE = YES;
				IPHONEOS_DEPLOYMENT_TARGET = 11.2;
				MTL_ENABLE_DEBUG_INFO = YES;
				ONLY_ACTIVE_ARCH = YES;
				SDKROOT = iphoneos;
				VERSIONING_SYSTEM = "apple-generic";
				VERSION_INFO_PREFIX = "";
			};
			name = Debug;
		};
		D955B1AC202FF82A000274AC /* Release */ = {
			isa = XCBuildConfiguration;
			buildSettings = {
				ALWAYS_SEARCH_USER_PATHS = NO;
				CLANG_ANALYZER_NONNULL = YES;
				CLANG_ANALYZER_NUMBER_OBJECT_CONVERSION = YES_AGGRESSIVE;
				CLANG_CXX_LANGUAGE_STANDARD = "gnu++14";
				CLANG_CXX_LIBRARY = "libc++";
				CLANG_ENABLE_MODULES = YES;
				CLANG_ENABLE_OBJC_ARC = YES;
				CLANG_WARN_BLOCK_CAPTURE_AUTORELEASING = YES;
				CLANG_WARN_BOOL_CONVERSION = YES;
				CLANG_WARN_COMMA = YES;
				CLANG_WARN_CONSTANT_CONVERSION = YES;
				CLANG_WARN_DIRECT_OBJC_ISA_USAGE = YES_ERROR;
				CLANG_WARN_DOCUMENTATION_COMMENTS = YES;
				CLANG_WARN_EMPTY_BODY = YES;
				CLANG_WARN_ENUM_CONVERSION = YES;
				CLANG_WARN_INFINITE_RECURSION = YES;
				CLANG_WARN_INT_CONVERSION = YES;
				CLANG_WARN_NON_LITERAL_NULL_CONVERSION = YES;
				CLANG_WARN_OBJC_LITERAL_CONVERSION = YES;
				CLANG_WARN_OBJC_ROOT_CLASS = YES_ERROR;
				CLANG_WARN_RANGE_LOOP_ANALYSIS = YES;
				CLANG_WARN_STRICT_PROTOTYPES = YES;
				CLANG_WARN_SUSPICIOUS_MOVE = YES;
				CLANG_WARN_UNGUARDED_AVAILABILITY = YES_AGGRESSIVE;
				CLANG_WARN_UNREACHABLE_CODE = YES;
				CLANG_WARN__DUPLICATE_METHOD_MATCH = YES;
				CODE_SIGN_IDENTITY = "iPhone Developer";
				COPY_PHASE_STRIP = NO;
				CURRENT_PROJECT_VERSION = 1;
				DEBUG_INFORMATION_FORMAT = "dwarf-with-dsym";
				ENABLE_NS_ASSERTIONS = NO;
				ENABLE_STRICT_OBJC_MSGSEND = YES;
				GCC_C_LANGUAGE_STANDARD = gnu11;
				GCC_NO_COMMON_BLOCKS = YES;
				GCC_WARN_64_TO_32_BIT_CONVERSION = YES;
				GCC_WARN_ABOUT_RETURN_TYPE = YES_ERROR;
				GCC_WARN_UNDECLARED_SELECTOR = YES;
				GCC_WARN_UNINITIALIZED_AUTOS = YES_AGGRESSIVE;
				GCC_WARN_UNUSED_FUNCTION = YES;
				GCC_WARN_UNUSED_VARIABLE = YES;
				IPHONEOS_DEPLOYMENT_TARGET = 11.2;
				MTL_ENABLE_DEBUG_INFO = NO;
				SDKROOT = iphoneos;
				VALIDATE_PRODUCT = YES;
				VERSIONING_SYSTEM = "apple-generic";
				VERSION_INFO_PREFIX = "";
			};
			name = Release;
		};
		D955B1AE202FF82A000274AC /* Debug */ = {
			isa = XCBuildConfiguration;
			baseConfigurationReference = 22E206646D407E09F01C771E /* Pods-RNBindingX.debug.xcconfig */;
			buildSettings = {
				CODE_SIGN_IDENTITY = "";
				CODE_SIGN_STYLE = Automatic;
				DEFINES_MODULE = YES;
				DEVELOPMENT_TEAM = 6L37LAR3GU;
				DYLIB_COMPATIBILITY_VERSION = 1;
				DYLIB_CURRENT_VERSION = 1;
				DYLIB_INSTALL_NAME_BASE = "@rpath";
				INFOPLIST_FILE = RNBindingX/Info.plist;
				INSTALL_PATH = "$(LOCAL_LIBRARY_DIR)/Frameworks";
				LD_RUNPATH_SEARCH_PATHS = "$(inherited) @executable_path/Frameworks @loader_path/Frameworks";
				PRODUCT_BUNDLE_IDENTIFIER = com.alibaba.RNBindingX;
				PRODUCT_NAME = "$(TARGET_NAME:c99extidentifier)";
				SKIP_INSTALL = YES;
				TARGETED_DEVICE_FAMILY = "1,2";
			};
			name = Debug;
		};
		D955B1AF202FF82A000274AC /* Release */ = {
			isa = XCBuildConfiguration;
			baseConfigurationReference = BB15E6679FBB269F8447243B /* Pods-RNBindingX.release.xcconfig */;
			buildSettings = {
				CODE_SIGN_IDENTITY = "";
				CODE_SIGN_STYLE = Automatic;
				DEFINES_MODULE = YES;
				DEVELOPMENT_TEAM = 6L37LAR3GU;
				DYLIB_COMPATIBILITY_VERSION = 1;
				DYLIB_CURRENT_VERSION = 1;
				DYLIB_INSTALL_NAME_BASE = "@rpath";
				INFOPLIST_FILE = RNBindingX/Info.plist;
				INSTALL_PATH = "$(LOCAL_LIBRARY_DIR)/Frameworks";
				LD_RUNPATH_SEARCH_PATHS = "$(inherited) @executable_path/Frameworks @loader_path/Frameworks";
				PRODUCT_BUNDLE_IDENTIFIER = com.alibaba.RNBindingX;
				PRODUCT_NAME = "$(TARGET_NAME:c99extidentifier)";
				SKIP_INSTALL = YES;
				TARGETED_DEVICE_FAMILY = "1,2";
			};
			name = Release;
		};
/* End XCBuildConfiguration section */

/* Begin XCConfigurationList section */
		D955B19F202FF82A000274AC /* Build configuration list for PBXProject "RNBindingX" */ = {
			isa = XCConfigurationList;
			buildConfigurations = (
				D955B1AB202FF82A000274AC /* Debug */,
				D955B1AC202FF82A000274AC /* Release */,
			);
			defaultConfigurationIsVisible = 0;
			defaultConfigurationName = Release;
		};
		D955B1AD202FF82A000274AC /* Build configuration list for PBXNativeTarget "RNBindingX" */ = {
			isa = XCConfigurationList;
			buildConfigurations = (
				D955B1AE202FF82A000274AC /* Debug */,
				D955B1AF202FF82A000274AC /* Release */,
			);
			defaultConfigurationIsVisible = 0;
			defaultConfigurationName = Release;
		};
/* End XCConfigurationList section */
	};
	rootObject = D955B19C202FF82A000274AC /* Project object */;
}
