// !$*UTF8*$!
{
	archiveVersion = 1;
	classes = {
	};
	objectVersion = 48;
	objects = {

/* Begin PBXBuildFile section */
		086D90C1F74671543A35EA7F /* libPods-RNBindingX.a in Frameworks */ = {isa = PBXBuildFile; fileRef = BE05DC8499B09B9275CF5771 /* libPods-RNBindingX.a */; };
		D955B1AA202FF82A000274AC /* RNBindingX.h in Headers */ = {isa = PBXBuildFile; fileRef = D955B1A8202FF82A000274AC /* RNBindingX.h */; settings = {ATTRIBUTES = (Public, ); }; };
		D955B1B4202FF851000274AC /* EBUtility+RN.m in Sources */ = {isa = PBXBuildFile; fileRef = D955B1B0202FF850000274AC /* EBUtility+RN.m */; };
		D955B1B5202FF851000274AC /* RNEBModule.m in Sources */ = {isa = PBXBuildFile; fileRef = D955B1B1202FF851000274AC /* RNEBModule.m */; };
		D955B1B6202FF851000274AC /* RNEBModule.h in Headers */ = {isa = PBXBuildFile; fileRef = D955B1B2202FF851000274AC /* RNEBModule.h */; };
		D955B1B7202FF851000274AC /* EBUtility+RN.h in Headers */ = {isa = PBXBuildFile; fileRef = D955B1B3202FF851000274AC /* EBUtility+RN.h */; };
		D9A6A79A20413CFF001AEC67 /* EBExpressionTiming.m in Sources */ = {isa = PBXBuildFile; fileRef = D9A6A76920413CFA001AEC67 /* EBExpressionTiming.m */; };
		D9A6A79B20413CFF001AEC67 /* EBExpressionScope.m in Sources */ = {isa = PBXBuildFile; fileRef = D9A6A76A20413CFA001AEC67 /* EBExpressionScope.m */; };
		D9A6A79C20413CFF001AEC67 /* EBUtility.h in Headers */ = {isa = PBXBuildFile; fileRef = D9A6A76B20413CFA001AEC67 /* EBUtility.h */; };
		D9A6A79D20413CFF001AEC67 /* EBJSEvaluate.m in Sources */ = {isa = PBXBuildFile; fileRef = D9A6A76C20413CFA001AEC67 /* EBJSEvaluate.m */; };
		D9A6A79E20413CFF001AEC67 /* EBJSObject.h in Headers */ = {isa = PBXBuildFile; fileRef = D9A6A76D20413CFA001AEC67 /* EBJSObject.h */; };
		D9A6A79F20413CFF001AEC67 /* EBGyroEuler.h in Headers */ = {isa = PBXBuildFile; fileRef = D9A6A76E20413CFB001AEC67 /* EBGyroEuler.h */; };
		D9A6A7A020413CFF001AEC67 /* EBGyroVector3.h in Headers */ = {isa = PBXBuildFile; fileRef = D9A6A76F20413CFB001AEC67 /* EBGyroVector3.h */; };
		D9A6A7A120413CFF001AEC67 /* EBExpression.m in Sources */ = {isa = PBXBuildFile; fileRef = D9A6A77020413CFB001AEC67 /* EBExpression.m */; };
		D9A6A7A220413CFF001AEC67 /* EBJSEase.m in Sources */ = {isa = PBXBuildFile; fileRef = D9A6A77120413CFB001AEC67 /* EBJSEase.m */; };
		D9A6A7A320413CFF001AEC67 /* EBGyroQuaternion.m in Sources */ = {isa = PBXBuildFile; fileRef = D9A6A77220413CFB001AEC67 /* EBGyroQuaternion.m */; };
		D9A6A7A420413CFF001AEC67 /* EBGyroOrientationEvaluator.h in Headers */ = {isa = PBXBuildFile; fileRef = D9A6A77320413CFB001AEC67 /* EBGyroOrientationEvaluator.h */; };
		D9A6A7A520413CFF001AEC67 /* EBNativeFunction.m in Sources */ = {isa = PBXBuildFile; fileRef = D9A6A77420413CFB001AEC67 /* EBNativeFunction.m */; };
		D9A6A7A620413CFF001AEC67 /* EBExpressionExecutor.h in Headers */ = {isa = PBXBuildFile; fileRef = D9A6A77520413CFB001AEC67 /* EBExpressionExecutor.h */; };
		D9A6A7A720413CFF001AEC67 /* EBJSEvaluate.h in Headers */ = {isa = PBXBuildFile; fileRef = D9A6A77620413CFB001AEC67 /* EBJSEvaluate.h */; };
		D9A6A7A820413CFF001AEC67 /* EBExpressionGesture.m in Sources */ = {isa = PBXBuildFile; fileRef = D9A6A77720413CFB001AEC67 /* EBExpressionGesture.m */; };
		D9A6A7A920413CFF001AEC67 /* EBJSFunction.h in Headers */ = {isa = PBXBuildFile; fileRef = D9A6A77820413CFB001AEC67 /* EBJSFunction.h */; };
		D9A6A7AA20413CFF001AEC67 /* NSObject+EBTuplePacker.m in Sources */ = {isa = PBXBuildFile; fileRef = D9A6A77920413CFB001AEC67 /* NSObject+EBTuplePacker.m */; };
		D9A6A7AB20413CFF001AEC67 /* EBExpressionScroller.m in Sources */ = {isa = PBXBuildFile; fileRef = D9A6A77A20413CFB001AEC67 /* EBExpressionScroller.m */; };
		D9A6A7AC20413CFF001AEC67 /* EBExpression.h in Headers */ = {isa = PBXBuildFile; fileRef = D9A6A77B20413CFB001AEC67 /* EBExpression.h */; };
		D9A6A7AD20413CFF001AEC67 /* EBExpressionOrientation.m in Sources */ = {isa = PBXBuildFile; fileRef = D9A6A77C20413CFB001AEC67 /* EBExpressionOrientation.m */; };
		D9A6A7AE20413CFF001AEC67 /* EBExpressionScroller.h in Headers */ = {isa = PBXBuildFile; fileRef = D9A6A77D20413CFB001AEC67 /* EBExpressionScroller.h */; };
		D9A6A7AF20413CFF001AEC67 /* EBExpressionGesture.h in Headers */ = {isa = PBXBuildFile; fileRef = D9A6A77E20413CFC001AEC67 /* EBExpressionGesture.h */; };
		D9A6A7B020413CFF001AEC67 /* EBExpressionScope.h in Headers */ = {isa = PBXBuildFile; fileRef = D9A6A77F20413CFC001AEC67 /* EBExpressionScope.h */; };
		D9A6A7B120413CFF001AEC67 /* EBExpressionProperty.m in Sources */ = {isa = PBXBuildFile; fileRef = D9A6A78020413CFC001AEC67 /* EBExpressionProperty.m */; };
		D9A6A7B220413CFF001AEC67 /* EBJSArray.h in Headers */ = {isa = PBXBuildFile; fileRef = D9A6A78120413CFC001AEC67 /* EBJSArray.h */; };
		D9A6A7B320413CFF001AEC67 /* EBExpressionOrientation.h in Headers */ = {isa = PBXBuildFile; fileRef = D9A6A78220413CFC001AEC67 /* EBExpressionOrientation.h */; };
		D9A6A7B420413CFF001AEC67 /* EBJSObject.m in Sources */ = {isa = PBXBuildFile; fileRef = D9A6A78320413CFC001AEC67 /* EBJSObject.m */; };
		D9A6A7B520413CFF001AEC67 /* EBJSTransform.h in Headers */ = {isa = PBXBuildFile; fileRef = D9A6A78420413CFC001AEC67 /* EBJSTransform.h */; };
		D9A6A7B620413CFF001AEC67 /* EBGyroOrientationEvaluator.m in Sources */ = {isa = PBXBuildFile; fileRef = D9A6A78520413CFC001AEC67 /* EBGyroOrientationEvaluator.m */; };
		D9A6A7B720413CFF001AEC67 /* EBExpressionExecutor.m in Sources */ = {isa = PBXBuildFile; fileRef = D9A6A78620413CFC001AEC67 /* EBExpressionExecutor.m */; };
		D9A6A7B820413CFF001AEC67 /* EBGyroManager.m in Sources */ = {isa = PBXBuildFile; fileRef = D9A6A78720413CFC001AEC67 /* EBGyroManager.m */; };
		D9A6A7B920413CFF001AEC67 /* EBJSEase.h in Headers */ = {isa = PBXBuildFile; fileRef = D9A6A78820413CFD001AEC67 /* EBJSEase.h */; };
		D9A6A7BA20413CFF001AEC67 /* EBJSMath.h in Headers */ = {isa = PBXBuildFile; fileRef = D9A6A78920413CFD001AEC67 /* EBJSMath.h */; };
		D9A6A7BB20413CFF001AEC67 /* NSObject+EBTuplePacker.h in Headers */ = {isa = PBXBuildFile; fileRef = D9A6A78A20413CFD001AEC67 /* NSObject+EBTuplePacker.h */; };
		D9A6A7BC20413CFF001AEC67 /* EBGyroQuaternion.h in Headers */ = {isa = PBXBuildFile; fileRef = D9A6A78B20413CFD001AEC67 /* EBGyroQuaternion.h */; };
		D9A6A7BD20413CFF001AEC67 /* EBNativeFunction.h in Headers */ = {isa = PBXBuildFile; fileRef = D9A6A78C20413CFD001AEC67 /* EBNativeFunction.h */; };
		D9A6A7BE20413CFF001AEC67 /* EBExpressionTiming.h in Headers */ = {isa = PBXBuildFile; fileRef = D9A6A78D20413CFD001AEC67 /* EBExpressionTiming.h */; };
		D9A6A7BF20413CFF001AEC67 /* EBExpressionHandler.h in Headers */ = {isa = PBXBuildFile; fileRef = D9A6A78E20413CFD001AEC67 /* EBExpressionHandler.h */; };
		D9A6A7C020413CFF001AEC67 /* EBGyroManager.h in Headers */ = {isa = PBXBuildFile; fileRef = D9A6A78F20413CFD001AEC67 /* EBGyroManager.h */; };
		D9A6A7C120413CFF001AEC67 /* EBJSCallable.h in Headers */ = {isa = PBXBuildFile; fileRef = D9A6A79020413CFE001AEC67 /* EBJSCallable.h */; };
		D9A6A7C220413CFF001AEC67 /* EBJSMath.m in Sources */ = {isa = PBXBuildFile; fileRef = D9A6A79120413CFE001AEC67 /* EBJSMath.m */; };
		D9A6A7C320413CFF001AEC67 /* EBTaffyTuple.m in Sources */ = {isa = PBXBuildFile; fileRef = D9A6A79220413CFE001AEC67 /* EBTaffyTuple.m */; };
		D9A6A7C420413CFF001AEC67 /* EBUtility.m in Sources */ = {isa = PBXBuildFile; fileRef = D9A6A79320413CFE001AEC67 /* EBUtility.m */; };
		D9A6A7C520413CFF001AEC67 /* EBGyroVector3.m in Sources */ = {isa = PBXBuildFile; fileRef = D9A6A79420413CFE001AEC67 /* EBGyroVector3.m */; };
		D9A6A7C620413CFF001AEC67 /* EBExpressionHandler.m in Sources */ = {isa = PBXBuildFile; fileRef = D9A6A79520413CFE001AEC67 /* EBExpressionHandler.m */; };
		D9A6A7C720413CFF001AEC67 /* EBJSTransform.m in Sources */ = {isa = PBXBuildFile; fileRef = D9A6A79620413CFE001AEC67 /* EBJSTransform.m */; };
		D9A6A7C820413CFF001AEC67 /* EBTaffyTuple.h in Headers */ = {isa = PBXBuildFile; fileRef = D9A6A79720413CFE001AEC67 /* EBTaffyTuple.h */; };
		D9A6A7C920413CFF001AEC67 /* EBGyroEuler.m in Sources */ = {isa = PBXBuildFile; fileRef = D9A6A79820413CFE001AEC67 /* EBGyroEuler.m */; };
		D9A6A7CA20413CFF001AEC67 /* EBExpressionProperty.h in Headers */ = {isa = PBXBuildFile; fileRef = D9A6A79920413CFE001AEC67 /* EBExpressionProperty.h */; };
/* End PBXBuildFile section */

/* Begin PBXFileReference section */
		22E206646D407E09F01C771E /* Pods-RNBindingX.debug.xcconfig */ = {isa = PBXFileReference; includeInIndex = 1; lastKnownFileType = text.xcconfig; name = "Pods-RNBindingX.debug.xcconfig"; path = "Pods/Target Support Files/Pods-RNBindingX/Pods-RNBindingX.debug.xcconfig"; sourceTree = "<group>"; };
		BB15E6679FBB269F8447243B /* Pods-RNBindingX.release.xcconfig */ = {isa = PBXFileReference; includeInIndex = 1; lastKnownFileType = text.xcconfig; name = "Pods-RNBindingX.release.xcconfig"; path = "Pods/Target Support Files/Pods-RNBindingX/Pods-RNBindingX.release.xcconfig"; sourceTree = "<group>"; };
		BE05DC8499B09B9275CF5771 /* libPods-RNBindingX.a */ = {isa = PBXFileReference; explicitFileType = archive.ar; includeInIndex = 0; path = "libPods-RNBindingX.a"; sourceTree = BUILT_PRODUCTS_DIR; };
		D955B1A5202FF82A000274AC /* RNBindingX.framework */ = {isa = PBXFileReference; explicitFileType = wrapper.framework; includeInIndex = 0; path = RNBindingX.framework; sourceTree = BUILT_PRODUCTS_DIR; };
		D955B1A8202FF82A000274AC /* RNBindingX.h */ = {isa = PBXFileReference; lastKnownFileType = sourcecode.c.h; path = RNBindingX.h; sourceTree = "<group>"; };
		D955B1A9202FF82A000274AC /* Info.plist */ = {isa = PBXFileReference; lastKnownFileType = text.plist.xml; path = Info.plist; sourceTree = "<group>"; };
		D955B1B0202FF850000274AC /* EBUtility+RN.m */ = {isa = PBXFileReference; fileEncoding = 4; lastKnownFileType = sourcecode.c.objc; path = "EBUtility+RN.m"; sourceTree = "<group>"; };
		D955B1B1202FF851000274AC /* RNEBModule.m */ = {isa = PBXFileReference; fileEncoding = 4; lastKnownFileType = sourcecode.c.objc; path = RNEBModule.m; sourceTree = "<group>"; };
		D955B1B2202FF851000274AC /* RNEBModule.h */ = {isa = PBXFileReference; fileEncoding = 4; lastKnownFileType = sourcecode.c.h; path = RNEBModule.h; sourceTree = "<group>"; };
		D955B1B3202FF851000274AC /* EBUtility+RN.h */ = {isa = PBXFileReference; fileEncoding = 4; lastKnownFileType = sourcecode.c.h; path = "EBUtility+RN.h"; sourceTree = "<group>"; };
		D9A6A76920413CFA001AEC67 /* EBExpressionTiming.m */ = {isa = PBXFileReference; fileEncoding = 4; lastKnownFileType = sourcecode.c.objc; path = EBExpressionTiming.m; sourceTree = "<group>"; };
		D9A6A76A20413CFA001AEC67 /* EBExpressionScope.m */ = {isa = PBXFileReference; fileEncoding = 4; lastKnownFileType = sourcecode.c.objc; path = EBExpressionScope.m; sourceTree = "<group>"; };
		D9A6A76B20413CFA001AEC67 /* EBUtility.h */ = {isa = PBXFileReference; fileEncoding = 4; lastKnownFileType = sourcecode.c.h; path = EBUtility.h; sourceTree = "<group>"; };
		D9A6A76C20413CFA001AEC67 /* EBJSEvaluate.m */ = {isa = PBXFileReference; fileEncoding = 4; lastKnownFileType = sourcecode.c.objc; path = EBJSEvaluate.m; sourceTree = "<group>"; };
		D9A6A76D20413CFA001AEC67 /* EBJSObject.h */ = {isa = PBXFileReference; fileEncoding = 4; lastKnownFileType = sourcecode.c.h; path = EBJSObject.h; sourceTree = "<group>"; };
		D9A6A76E20413CFB001AEC67 /* EBGyroEuler.h */ = {isa = PBXFileReference; fileEncoding = 4; lastKnownFileType = sourcecode.c.h; path = EBGyroEuler.h; sourceTree = "<group>"; };
		D9A6A76F20413CFB001AEC67 /* EBGyroVector3.h */ = {isa = PBXFileReference; fileEncoding = 4; lastKnownFileType = sourcecode.c.h; path = EBGyroVector3.h; sourceTree = "<group>"; };
		D9A6A77020413CFB001AEC67 /* EBExpression.m */ = {isa = PBXFileReference; fileEncoding = 4; lastKnownFileType = sourcecode.c.objc; path = EBExpression.m; sourceTree = "<group>"; };
		D9A6A77120413CFB001AEC67 /* EBJSEase.m */ = {isa = PBXFileReference; fileEncoding = 4; lastKnownFileType = sourcecode.c.objc; path = EBJSEase.m; sourceTree = "<group>"; };
		D9A6A77220413CFB001AEC67 /* EBGyroQuaternion.m */ = {isa = PBXFileReference; fileEncoding = 4; lastKnownFileType = sourcecode.c.objc; path = EBGyroQuaternion.m; sourceTree = "<group>"; };
		D9A6A77320413CFB001AEC67 /* EBGyroOrientationEvaluator.h */ = {isa = PBXFileReference; fileEncoding = 4; lastKnownFileType = sourcecode.c.h; path = EBGyroOrientationEvaluator.h; sourceTree = "<group>"; };
		D9A6A77420413CFB001AEC67 /* EBNativeFunction.m */ = {isa = PBXFileReference; fileEncoding = 4; lastKnownFileType = sourcecode.c.objc; path = EBNativeFunction.m; sourceTree = "<group>"; };
		D9A6A77520413CFB001AEC67 /* EBExpressionExecutor.h */ = {isa = PBXFileReference; fileEncoding = 4; lastKnownFileType = sourcecode.c.h; path = EBExpressionExecutor.h; sourceTree = "<group>"; };
		D9A6A77620413CFB001AEC67 /* EBJSEvaluate.h */ = {isa = PBXFileReference; fileEncoding = 4; lastKnownFileType = sourcecode.c.h; path = EBJSEvaluate.h; sourceTree = "<group>"; };
		D9A6A77720413CFB001AEC67 /* EBExpressionGesture.m */ = {isa = PBXFileReference; fileEncoding = 4; lastKnownFileType = sourcecode.c.objc; path = EBExpressionGesture.m; sourceTree = "<group>"; };
		D9A6A77820413CFB001AEC67 /* EBJSFunction.h */ = {isa = PBXFileReference; fileEncoding = 4; lastKnownFileType = sourcecode.c.h; path = EBJSFunction.h; sourceTree = "<group>"; };
		D9A6A77920413CFB001AEC67 /* NSObject+EBTuplePacker.m */ = {isa = PBXFileReference; fileEncoding = 4; lastKnownFileType = sourcecode.c.objc; path = "NSObject+EBTuplePacker.m"; sourceTree = "<group>"; };
		D9A6A77A20413CFB001AEC67 /* EBExpressionScroller.m */ = {isa = PBXFileReference; fileEncoding = 4; lastKnownFileType = sourcecode.c.objc; path = EBExpressionScroller.m; sourceTree = "<group>"; };
		D9A6A77B20413CFB001AEC67 /* EBExpression.h */ = {isa = PBXFileReference; fileEncoding = 4; lastKnownFileType = sourcecode.c.h; path = EBExpression.h; sourceTree = "<group>"; };
		D9A6A77C20413CFB001AEC67 /* EBExpressionOrientation.m */ = {isa = PBXFileReference; fileEncoding = 4; lastKnownFileType = sourcecode.c.objc; path = EBExpressionOrientation.m; sourceTree = "<group>"; };
		D9A6A77D20413CFB001AEC67 /* EBExpressionScroller.h */ = {isa = PBXFileReference; fileEncoding = 4; lastKnownFileType = sourcecode.c.h; path = EBExpressionScroller.h; sourceTree = "<group>"; };
		D9A6A77E20413CFC001AEC67 /* EBExpressionGesture.h */ = {isa = PBXFileReference; fileEncoding = 4; lastKnownFileType = sourcecode.c.h; path = EBExpressionGesture.h; sourceTree = "<group>"; };
		D9A6A77F20413CFC001AEC67 /* EBExpressionScope.h */ = {isa = PBXFileReference; fileEncoding = 4; lastKnownFileType = sourcecode.c.h; path = EBExpressionScope.h; sourceTree = "<group>"; };
		D9A6A78020413CFC001AEC67 /* EBExpressionProperty.m */ = {isa = PBXFileReference; fileEncoding = 4; lastKnownFileType = sourcecode.c.objc; path = EBExpressionProperty.m; sourceTree = "<group>"; };
		D9A6A78120413CFC001AEC67 /* EBJSArray.h */ = {isa = PBXFileReference; fileEncoding = 4; lastKnownFileType = sourcecode.c.h; path = EBJSArray.h; sourceTree = "<group>"; };
		D9A6A78220413CFC001AEC67 /* EBExpressionOrientation.h */ = {isa = PBXFileReference; fileEncoding = 4; lastKnownFileType = sourcecode.c.h; path = EBExpressionOrientation.h; sourceTree = "<group>"; };
		D9A6A78320413CFC001AEC67 /* EBJSObject.m */ = {isa = PBXFileReference; fileEncoding = 4; lastKnownFileType = sourcecode.c.objc; path = EBJSObject.m; sourceTree = "<group>"; };
		D9A6A78420413CFC001AEC67 /* EBJSTransform.h */ = {isa = PBXFileReference; fileEncoding = 4; lastKnownFileType = sourcecode.c.h; path = EBJSTransform.h; sourceTree = "<group>"; };
		D9A6A78520413CFC001AEC67 /* EBGyroOrientationEvaluator.m */ = {isa = PBXFileReference; fileEncoding = 4; lastKnownFileType = sourcecode.c.objc; path = EBGyroOrientationEvaluator.m; sourceTree = "<group>"; };
		D9A6A78620413CFC001AEC67 /* EBExpressionExecutor.m */ = {isa = PBXFileReference; fileEncoding = 4; lastKnownFileType = sourcecode.c.objc; path = EBExpressionExecutor.m; sourceTree = "<group>"; };
		D9A6A78720413CFC001AEC67 /* EBGyroManager.m */ = {isa = PBXFileReference; fileEncoding = 4; lastKnownFileType = sourcecode.c.objc; path = EBGyroManager.m; sourceTree = "<group>"; };
		D9A6A78820413CFD001AEC67 /* EBJSEase.h */ = {isa = PBXFileReference; fileEncoding = 4; lastKnownFileType = sourcecode.c.h; path = EBJSEase.h; sourceTree = "<group>"; };
		D9A6A78920413CFD001AEC67 /* EBJSMath.h */ = {isa = PBXFileReference; fileEncoding = 4; lastKnownFileType = sourcecode.c.h; path = EBJSMath.h; sourceTree = "<group>"; };
		D9A6A78A20413CFD001AEC67 /* NSObject+EBTuplePacker.h */ = {isa = PBXFileReference; fileEncoding = 4; lastKnownFileType = sourcecode.c.h; path = "NSObject+EBTuplePacker.h"; sourceTree = "<group>"; };
		D9A6A78B20413CFD001AEC67 /* EBGyroQuaternion.h */ = {isa = PBXFileReference; fileEncoding = 4; lastKnownFileType = sourcecode.c.h; path = EBGyroQuaternion.h; sourceTree = "<group>"; };
		D9A6A78C20413CFD001AEC67 /* EBNativeFunction.h */ = {isa = PBXFileReference; fileEncoding = 4; lastKnownFileType = sourcecode.c.h; path = EBNativeFunction.h; sourceTree = "<group>"; };
		D9A6A78D20413CFD001AEC67 /* EBExpressionTiming.h */ = {isa = PBXFileReference; fileEncoding = 4; lastKnownFileType = sourcecode.c.h; path = EBExpressionTiming.h; sourceTree = "<group>"; };
		D9A6A78E20413CFD001AEC67 /* EBExpressionHandler.h */ = {isa = PBXFileReference; fileEncoding = 4; lastKnownFileType = sourcecode.c.h; path = EBExpressionHandler.h; sourceTree = "<group>"; };
		D9A6A78F20413CFD001AEC67 /* EBGyroManager.h */ = {isa = PBXFileReference; fileEncoding = 4; lastKnownFileType = sourcecode.c.h; path = EBGyroManager.h; sourceTree = "<group>"; };
		D9A6A79020413CFE001AEC67 /* EBJSCallable.h */ = {isa = PBXFileReference; fileEncoding = 4; lastKnownFileType = sourcecode.c.h; path = EBJSCallable.h; sourceTree = "<group>"; };
		D9A6A79120413CFE001AEC67 /* EBJSMath.m */ = {isa = PBXFileReference; fileEncoding = 4; lastKnownFileType = sourcecode.c.objc; path = EBJSMath.m; sourceTree = "<group>"; };
		D9A6A79220413CFE001AEC67 /* EBTaffyTuple.m */ = {isa = PBXFileReference; fileEncoding = 4; lastKnownFileType = sourcecode.c.objc; path = EBTaffyTuple.m; sourceTree = "<group>"; };
		D9A6A79320413CFE001AEC67 /* EBUtility.m */ = {isa = PBXFileReference; fileEncoding = 4; lastKnownFileType = sourcecode.c.objc; path = EBUtility.m; sourceTree = "<group>"; };
		D9A6A79420413CFE001AEC67 /* EBGyroVector3.m */ = {isa = PBXFileReference; fileEncoding = 4; lastKnownFileType = sourcecode.c.objc; path = EBGyroVector3.m; sourceTree = "<group>"; };
		D9A6A79520413CFE001AEC67 /* EBExpressionHandler.m */ = {isa = PBXFileReference; fileEncoding = 4; lastKnownFileType = sourcecode.c.objc; path = EBExpressionHandler.m; sourceTree = "<group>"; };
		D9A6A79620413CFE001AEC67 /* EBJSTransform.m */ = {isa = PBXFileReference; fileEncoding = 4; lastKnownFileType = sourcecode.c.objc; path = EBJSTransform.m; sourceTree = "<group>"; };
		D9A6A79720413CFE001AEC67 /* EBTaffyTuple.h */ = {isa = PBXFileReference; fileEncoding = 4; lastKnownFileType = sourcecode.c.h; path = EBTaffyTuple.h; sourceTree = "<group>"; };
		D9A6A79820413CFE001AEC67 /* EBGyroEuler.m */ = {isa = PBXFileReference; fileEncoding = 4; lastKnownFileType = sourcecode.c.objc; path = EBGyroEuler.m; sourceTree = "<group>"; };
		D9A6A79920413CFE001AEC67 /* EBExpressionProperty.h */ = {isa = PBXFileReference; fileEncoding = 4; lastKnownFileType = sourcecode.c.h; path = EBExpressionProperty.h; sourceTree = "<group>"; };
/* End PBXFileReference section */

/* Begin PBXFrameworksBuildPhase section */
		D955B1A1202FF82A000274AC /* Frameworks */ = {
			isa = PBXFrameworksBuildPhase;
			buildActionMask = 2147483647;
			files = (
				086D90C1F74671543A35EA7F /* libPods-RNBindingX.a in Frameworks */,
			);
			runOnlyForDeploymentPostprocessing = 0;
		};
/* End PBXFrameworksBuildPhase section */

/* Begin PBXGroup section */
		0FCA19E944CBB2BE0B6762D1 /* Pods */ = {
			isa = PBXGroup;
			children = (
				22E206646D407E09F01C771E /* Pods-RNBindingX.debug.xcconfig */,
				BB15E6679FBB269F8447243B /* Pods-RNBindingX.release.xcconfig */,
			);
			name = Pods;
			sourceTree = "<group>";
		};
		5671271A8550C4B4B4663A29 /* Frameworks */ = {
			isa = PBXGroup;
			children = (
				BE05DC8499B09B9275CF5771 /* libPods-RNBindingX.a */,
			);
			name = Frameworks;
			sourceTree = "<group>";
		};
		D955B19B202FF82A000274AC = {
			isa = PBXGroup;
			children = (
				D955B1A7202FF82A000274AC /* RNBindingX */,
				D955B1A6202FF82A000274AC /* Products */,
				0FCA19E944CBB2BE0B6762D1 /* Pods */,
				5671271A8550C4B4B4663A29 /* Frameworks */,
			);
			sourceTree = "<group>";
		};
		D955B1A6202FF82A000274AC /* Products */ = {
			isa = PBXGroup;
			children = (
				D955B1A5202FF82A000274AC /* RNBindingX.framework */,
			);
			name = Products;
			sourceTree = "<group>";
		};
		D955B1A7202FF82A000274AC /* RNBindingX */ = {
			isa = PBXGroup;
			children = (
				D955B21B2030102B000274AC /* core */,
				D955B1B3202FF851000274AC /* EBUtility+RN.h */,
				D955B1B0202FF850000274AC /* EBUtility+RN.m */,
				D955B1B2202FF851000274AC /* RNEBModule.h */,
				D955B1B1202FF851000274AC /* RNEBModule.m */,
				D955B1A8202FF82A000274AC /* RNBindingX.h */,
				D955B1A9202FF82A000274AC /* Info.plist */,
			);
			path = RNBindingX;
			sourceTree = "<group>";
		};
		D955B21B2030102B000274AC /* core */ = {
			isa = PBXGroup;
			children = (
				D9A6A77B20413CFB001AEC67 /* EBExpression.h */,
				D9A6A77020413CFB001AEC67 /* EBExpression.m */,
				D9A6A77520413CFB001AEC67 /* EBExpressionExecutor.h */,
				D9A6A78620413CFC001AEC67 /* EBExpressionExecutor.m */,
				D9A6A77E20413CFC001AEC67 /* EBExpressionGesture.h */,
				D9A6A77720413CFB001AEC67 /* EBExpressionGesture.m */,
				D9A6A78E20413CFD001AEC67 /* EBExpressionHandler.h */,
				D9A6A79520413CFE001AEC67 /* EBExpressionHandler.m */,
				D9A6A78220413CFC001AEC67 /* EBExpressionOrientation.h */,
				D9A6A77C20413CFB001AEC67 /* EBExpressionOrientation.m */,
				D9A6A79920413CFE001AEC67 /* EBExpressionProperty.h */,
				D9A6A78020413CFC001AEC67 /* EBExpressionProperty.m */,
				D9A6A77F20413CFC001AEC67 /* EBExpressionScope.h */,
				D9A6A76A20413CFA001AEC67 /* EBExpressionScope.m */,
				D9A6A77D20413CFB001AEC67 /* EBExpressionScroller.h */,
				D9A6A77A20413CFB001AEC67 /* EBExpressionScroller.m */,
				D9A6A78D20413CFD001AEC67 /* EBExpressionTiming.h */,
				D9A6A76920413CFA001AEC67 /* EBExpressionTiming.m */,
				D9A6A76E20413CFB001AEC67 /* EBGyroEuler.h */,
				D9A6A79820413CFE001AEC67 /* EBGyroEuler.m */,
				D9A6A78F20413CFD001AEC67 /* EBGyroManager.h */,
				D9A6A78720413CFC001AEC67 /* EBGyroManager.m */,
				D9A6A77320413CFB001AEC67 /* EBGyroOrientationEvaluator.h */,
				D9A6A78520413CFC001AEC67 /* EBGyroOrientationEvaluator.m */,
				D9A6A78B20413CFD001AEC67 /* EBGyroQuaternion.h */,
				D9A6A77220413CFB001AEC67 /* EBGyroQuaternion.m */,
				D9A6A76F20413CFB001AEC67 /* EBGyroVector3.h */,
				D9A6A79420413CFE001AEC67 /* EBGyroVector3.m */,
				D9A6A78120413CFC001AEC67 /* EBJSArray.h */,
				D9A6A79020413CFE001AEC67 /* EBJSCallable.h */,
				D9A6A78820413CFD001AEC67 /* EBJSEase.h */,
				D9A6A77120413CFB001AEC67 /* EBJSEase.m */,
				D9A6A77620413CFB001AEC67 /* EBJSEvaluate.h */,
				D9A6A76C20413CFA001AEC67 /* EBJSEvaluate.m */,
				D9A6A77820413CFB001AEC67 /* EBJSFunction.h */,
				D9A6A78920413CFD001AEC67 /* EBJSMath.h */,
				D9A6A79120413CFE001AEC67 /* EBJSMath.m */,
				D9A6A76D20413CFA001AEC67 /* EBJSObject.h */,
				D9A6A78320413CFC001AEC67 /* EBJSObject.m */,
				D9A6A78420413CFC001AEC67 /* EBJSTransform.h */,
				D9A6A79620413CFE001AEC67 /* EBJSTransform.m */,
				D9A6A78C20413CFD001AEC67 /* EBNativeFunction.h */,
				D9A6A77420413CFB001AEC67 /* EBNativeFunction.m */,
				D9A6A79720413CFE001AEC67 /* EBTaffyTuple.h */,
				D9A6A79220413CFE001AEC67 /* EBTaffyTuple.m */,
				D9A6A76B20413CFA001AEC67 /* EBUtility.h */,
				D9A6A79320413CFE001AEC67 /* EBUtility.m */,
				D9A6A78A20413CFD001AEC67 /* NSObject+EBTuplePacker.h */,
				D9A6A77920413CFB001AEC67 /* NSObject+EBTuplePacker.m */,
			);
			name = core;
			path = ../../../../core/ios/core;
			sourceTree = "<group>";
		};
/* End PBXGroup section */

/* Begin PBXHeadersBuildPhase section */
		D955B1A2202FF82A000274AC /* Headers */ = {
			isa = PBXHeadersBuildPhase;
			buildActionMask = 2147483647;
			files = (
				D9A6A79F20413CFF001AEC67 /* EBGyroEuler.h in Headers */,
				D9A6A7B020413CFF001AEC67 /* EBExpressionScope.h in Headers */,
				D9A6A7B320413CFF001AEC67 /* EBExpressionOrientation.h in Headers */,
				D9A6A7C820413CFF001AEC67 /* EBTaffyTuple.h in Headers */,
				D9A6A7A420413CFF001AEC67 /* EBGyroOrientationEvaluator.h in Headers */,
				D9A6A7C120413CFF001AEC67 /* EBJSCallable.h in Headers */,
				D9A6A7A920413CFF001AEC67 /* EBJSFunction.h in Headers */,
				D9A6A7B220413CFF001AEC67 /* EBJSArray.h in Headers */,
				D9A6A7BA20413CFF001AEC67 /* EBJSMath.h in Headers */,
				D9A6A79C20413CFF001AEC67 /* EBUtility.h in Headers */,
				D9A6A7BC20413CFF001AEC67 /* EBGyroQuaternion.h in Headers */,
				D9A6A7BE20413CFF001AEC67 /* EBExpressionTiming.h in Headers */,
				D9A6A79E20413CFF001AEC67 /* EBJSObject.h in Headers */,
				D955B1AA202FF82A000274AC /* RNBindingX.h in Headers */,
				D9A6A7AE20413CFF001AEC67 /* EBExpressionScroller.h in Headers */,
				D9A6A7B920413CFF001AEC67 /* EBJSEase.h in Headers */,
				D9A6A7AF20413CFF001AEC67 /* EBExpressionGesture.h in Headers */,
				D9A6A7CA20413CFF001AEC67 /* EBExpressionProperty.h in Headers */,
				D955B1B6202FF851000274AC /* RNEBModule.h in Headers */,
				D9A6A7BD20413CFF001AEC67 /* EBNativeFunction.h in Headers */,
				D9A6A7AC20413CFF001AEC67 /* EBExpression.h in Headers */,
				D9A6A7C020413CFF001AEC67 /* EBGyroManager.h in Headers */,
				D9A6A7A020413CFF001AEC67 /* EBGyroVector3.h in Headers */,
				D9A6A7BB20413CFF001AEC67 /* NSObject+EBTuplePacker.h in Headers */,
				D955B1B7202FF851000274AC /* EBUtility+RN.h in Headers */,
				D9A6A7A620413CFF001AEC67 /* EBExpressionExecutor.h in Headers */,
				D9A6A7A720413CFF001AEC67 /* EBJSEvaluate.h in Headers */,
				D9A6A7BF20413CFF001AEC67 /* EBExpressionHandler.h in Headers */,
				D9A6A7B520413CFF001AEC67 /* EBJSTransform.h in Headers */,
			);
			runOnlyForDeploymentPostprocessing = 0;
		};
/* End PBXHeadersBuildPhase section */

/* Begin PBXNativeTarget section */
		D955B1A4202FF82A000274AC /* RNBindingX */ = {
			isa = PBXNativeTarget;
			buildConfigurationList = D955B1AD202FF82A000274AC /* Build configuration list for PBXNativeTarget "RNBindingX" */;
			buildPhases = (
				3E3FBA0FF83339A9564918AE /* [CP] Check Pods Manifest.lock */,
				D955B1A0202FF82A000274AC /* Sources */,
				D955B1A1202FF82A000274AC /* Frameworks */,
				D955B1A2202FF82A000274AC /* Headers */,
				D955B1A3202FF82A000274AC /* Resources */,
				80B67943937D19C07AB21414 /* [CP] Copy Pods Resources */,
			);
			buildRules = (
			);
			dependencies = (
			);
			name = RNBindingX;
			productName = RNBindingX;
			productReference = D955B1A5202FF82A000274AC /* RNBindingX.framework */;
			productType = "com.apple.product-type.framework";
		};
/* End PBXNativeTarget section */

/* Begin PBXProject section */
		D955B19C202FF82A000274AC /* Project object */ = {
			isa = PBXProject;
			attributes = {
				LastUpgradeCheck = 0920;
				ORGANIZATIONNAME = Alibaba;
				TargetAttributes = {
					D955B1A4202FF82A000274AC = {
						CreatedOnToolsVersion = 9.2;
						ProvisioningStyle = Automatic;
					};
				};
			};
			buildConfigurationList = D955B19F202FF82A000274AC /* Build configuration list for PBXProject "RNBindingX" */;
			compatibilityVersion = "Xcode 8.0";
			developmentRegion = en;
			hasScannedForEncodings = 0;
			knownRegions = (
				en,
			);
			mainGroup = D955B19B202FF82A000274AC;
			productRefGroup = D955B1A6202FF82A000274AC /* Products */;
			projectDirPath = "";
			projectRoot = "";
			targets = (
				D955B1A4202FF82A000274AC /* RNBindingX */,
			);
		};
/* End PBXProject section */

/* Begin PBXResourcesBuildPhase section */
		D955B1A3202FF82A000274AC /* Resources */ = {
			isa = PBXResourcesBuildPhase;
			buildActionMask = 2147483647;
			files = (
			);
			runOnlyForDeploymentPostprocessing = 0;
		};
/* End PBXResourcesBuildPhase section */

/* Begin PBXShellScriptBuildPhase section */
		3E3FBA0FF83339A9564918AE /* [CP] Check Pods Manifest.lock */ = {
			isa = PBXShellScriptBuildPhase;
			buildActionMask = 2147483647;
			files = (
			);
			inputPaths = (
				"${PODS_PODFILE_DIR_PATH}/Podfile.lock",
				"${PODS_ROOT}/Manifest.lock",
			);
			name = "[CP] Check Pods Manifest.lock";
			outputPaths = (
				"$(DERIVED_FILE_DIR)/Pods-RNBindingX-checkManifestLockResult.txt",
			);
			runOnlyForDeploymentPostprocessing = 0;
			shellPath = /bin/sh;
			shellScript = "diff \"${PODS_PODFILE_DIR_PATH}/Podfile.lock\" \"${PODS_ROOT}/Manifest.lock\" > /dev/null\nif [ $? != 0 ] ; then\n    # print error to STDERR\n    echo \"error: The sandbox is not in sync with the Podfile.lock. Run 'pod install' or update your CocoaPods installation.\" >&2\n    exit 1\nfi\n# This output is used by Xcode 'outputs' to avoid re-running this script phase.\necho \"SUCCESS\" > \"${SCRIPT_OUTPUT_FILE_0}\"\n";
			showEnvVarsInLog = 0;
		};
		80B67943937D19C07AB21414 /* [CP] Copy Pods Resources */ = {
			isa = PBXShellScriptBuildPhase;
			buildActionMask = 2147483647;
			files = (
			);
			inputPaths = (
			);
			name = "[CP] Copy Pods Resources";
			outputPaths = (
			);
			runOnlyForDeploymentPostprocessing = 0;
			shellPath = /bin/sh;
			shellScript = "\"${SRCROOT}/Pods/Target Support Files/Pods-RNBindingX/Pods-RNBindingX-resources.sh\"\n";
			showEnvVarsInLog = 0;
		};
/* End PBXShellScriptBuildPhase section */

/* Begin PBXSourcesBuildPhase section */
		D955B1A0202FF82A000274AC /* Sources */ = {
			isa = PBXSourcesBuildPhase;
			buildActionMask = 2147483647;
			files = (
				D955B1B5202FF851000274AC /* RNEBModule.m in Sources */,
				D9A6A79A20413CFF001AEC67 /* EBExpressionTiming.m in Sources */,
				D9A6A7C720413CFF001AEC67 /* EBJSTransform.m in Sources */,
				D9A6A7A120413CFF001AEC67 /* EBExpression.m in Sources */,
				D9A6A7AA20413CFF001AEC67 /* NSObject+EBTuplePacker.m in Sources */,
				D9A6A7C420413CFF001AEC67 /* EBUtility.m in Sources */,
				D9A6A7B720413CFF001AEC67 /* EBExpressionExecutor.m in Sources */,
				D9A6A7A320413CFF001AEC67 /* EBGyroQuaternion.m in Sources */,
				D955B1B4202FF851000274AC /* EBUtility+RN.m in Sources */,
				D9A6A7C620413CFF001AEC67 /* EBExpressionHandler.m in Sources */,
				D9A6A7B420413CFF001AEC67 /* EBJSObject.m in Sources */,
				D9A6A7C320413CFF001AEC67 /* EBTaffyTuple.m in Sources */,
				D9A6A79B20413CFF001AEC67 /* EBExpressionScope.m in Sources */,
				D9A6A7A820413CFF001AEC67 /* EBExpressionGesture.m in Sources */,
				D9A6A79D20413CFF001AEC67 /* EBJSEvaluate.m in Sources */,
				D9A6A7C220413CFF001AEC67 /* EBJSMath.m in Sources */,
				D9A6A7AD20413CFF001AEC67 /* EBExpressionOrientation.m in Sources */,
				D9A6A7A520413CFF001AEC67 /* EBNativeFunction.m in Sources */,
				D9A6A7B120413CFF001AEC67 /* EBExpressionProperty.m in Sources */,
				D9A6A7AB20413CFF001AEC67 /* EBExpressionScroller.m in Sources */,
				D9A6A7C520413CFF001AEC67 /* EBGyroVector3.m in Sources */,
				D9A6A7B620413CFF001AEC67 /* EBGyroOrientationEvaluator.m in Sources */,
				D9A6A7C920413CFF001AEC67 /* EBGyroEuler.m in Sources */,
				D9A6A7A220413CFF001AEC67 /* EBJSEase.m in Sources */,
				D9A6A7B820413CFF001AEC67 /* EBGyroManager.m in Sources */,
			);
			runOnlyForDeploymentPostprocessing = 0;
		};
/* End PBXSourcesBuildPhase section */

/* Begin XCBuildConfiguration section */
		D955B1AB202FF82A000274AC /* Debug */ = {
			isa = XCBuildConfiguration;
			buildSettings = {
				ALWAYS_SEARCH_USER_PATHS = NO;
				CLANG_ANALYZER_NONNULL = YES;
				CLANG_ANALYZER_NUMBER_OBJECT_CONVERSION = YES_AGGRESSIVE;
				CLANG_CXX_LANGUAGE_STANDARD = "gnu++14";
				CLANG_CXX_LIBRARY = "libc++";
				CLANG_ENABLE_MODULES = YES;
				CLANG_ENABLE_OBJC_ARC = YES;
				CLANG_WARN_BLOCK_CAPTURE_AUTORELEASING = YES;
				CLANG_WARN_BOOL_CONVERSION = YES;
				CLANG_WARN_COMMA = YES;
				CLANG_WARN_CONSTANT_CONVERSION = YES;
				CLANG_WARN_DIRECT_OBJC_ISA_USAGE = YES_ERROR;
				CLANG_WARN_DOCUMENTATION_COMMENTS = YES;
				CLANG_WARN_EMPTY_BODY = YES;
				CLANG_WARN_ENUM_CONVERSION = YES;
				CLANG_WARN_INFINITE_RECURSION = YES;
				CLANG_WARN_INT_CONVERSION = YES;
				CLANG_WARN_NON_LITERAL_NULL_CONVERSION = YES;
				CLANG_WARN_OBJC_LITERAL_CONVERSION = YES;
				CLANG_WARN_OBJC_ROOT_CLASS = YES_ERROR;
				CLANG_WARN_RANGE_LOOP_ANALYSIS = YES;
				CLANG_WARN_STRICT_PROTOTYPES = YES;
				CLANG_WARN_SUSPICIOUS_MOVE = YES;
				CLANG_WARN_UNGUARDED_AVAILABILITY = YES_AGGRESSIVE;
				CLANG_WARN_UNREACHABLE_CODE = YES;
				CLANG_WARN__DUPLICATE_METHOD_MATCH = YES;
				CODE_SIGN_IDENTITY = "iPhone Developer";
				COPY_PHASE_STRIP = NO;
				CURRENT_PROJECT_VERSION = 1;
				DEBUG_INFORMATION_FORMAT = dwarf;
				ENABLE_STRICT_OBJC_MSGSEND = YES;
				ENABLE_TESTABILITY = YES;
				GCC_C_LANGUAGE_STANDARD = gnu11;
				GCC_DYNAMIC_NO_PIC = NO;
				GCC_NO_COMMON_BLOCKS = YES;
				GCC_OPTIMIZATION_LEVEL = 0;
				GCC_PREPROCESSOR_DEFINITIONS = (
					"DEBUG=1",
					"$(inherited)",
				);
				GCC_WARN_64_TO_32_BIT_CONVERSION = YES;
				GCC_WARN_ABOUT_RETURN_TYPE = YES_ERROR;
				GCC_WARN_UNDECLARED_SELECTOR = YES;
				GCC_WARN_UNINITIALIZED_AUTOS = YES_AGGRESSIVE;
				GCC_WARN_UNUSED_FUNCTION = YES;
				GCC_WARN_UNUSED_VARIABLE = YES;
				IPHONEOS_DEPLOYMENT_TARGET = 8.0;
				MTL_ENABLE_DEBUG_INFO = YES;
				ONLY_ACTIVE_ARCH = YES;
				SDKROOT = iphoneos;
				VERSIONING_SYSTEM = "apple-generic";
				VERSION_INFO_PREFIX = "";
			};
			name = Debug;
		};
		D955B1AC202FF82A000274AC /* Release */ = {
			isa = XCBuildConfiguration;
			buildSettings = {
				ALWAYS_SEARCH_USER_PATHS = NO;
				CLANG_ANALYZER_NONNULL = YES;
				CLANG_ANALYZER_NUMBER_OBJECT_CONVERSION = YES_AGGRESSIVE;
				CLANG_CXX_LANGUAGE_STANDARD = "gnu++14";
				CLANG_CXX_LIBRARY = "libc++";
				CLANG_ENABLE_MODULES = YES;
				CLANG_ENABLE_OBJC_ARC = YES;
				CLANG_WARN_BLOCK_CAPTURE_AUTORELEASING = YES;
				CLANG_WARN_BOOL_CONVERSION = YES;
				CLANG_WARN_COMMA = YES;
				CLANG_WARN_CONSTANT_CONVERSION = YES;
				CLANG_WARN_DIRECT_OBJC_ISA_USAGE = YES_ERROR;
				CLANG_WARN_DOCUMENTATION_COMMENTS = YES;
				CLANG_WARN_EMPTY_BODY = YES;
				CLANG_WARN_ENUM_CONVERSION = YES;
				CLANG_WARN_INFINITE_RECURSION = YES;
				CLANG_WARN_INT_CONVERSION = YES;
				CLANG_WARN_NON_LITERAL_NULL_CONVERSION = YES;
				CLANG_WARN_OBJC_LITERAL_CONVERSION = YES;
				CLANG_WARN_OBJC_ROOT_CLASS = YES_ERROR;
				CLANG_WARN_RANGE_LOOP_ANALYSIS = YES;
				CLANG_WARN_STRICT_PROTOTYPES = YES;
				CLANG_WARN_SUSPICIOUS_MOVE = YES;
				CLANG_WARN_UNGUARDED_AVAILABILITY = YES_AGGRESSIVE;
				CLANG_WARN_UNREACHABLE_CODE = YES;
				CLANG_WARN__DUPLICATE_METHOD_MATCH = YES;
				CODE_SIGN_IDENTITY = "iPhone Developer";
				COPY_PHASE_STRIP = NO;
				CURRENT_PROJECT_VERSION = 1;
				DEBUG_INFORMATION_FORMAT = "dwarf-with-dsym";
				ENABLE_NS_ASSERTIONS = NO;
				ENABLE_STRICT_OBJC_MSGSEND = YES;
				GCC_C_LANGUAGE_STANDARD = gnu11;
				GCC_NO_COMMON_BLOCKS = YES;
				GCC_WARN_64_TO_32_BIT_CONVERSION = YES;
				GCC_WARN_ABOUT_RETURN_TYPE = YES_ERROR;
				GCC_WARN_UNDECLARED_SELECTOR = YES;
				GCC_WARN_UNINITIALIZED_AUTOS = YES_AGGRESSIVE;
				GCC_WARN_UNUSED_FUNCTION = YES;
				GCC_WARN_UNUSED_VARIABLE = YES;
				IPHONEOS_DEPLOYMENT_TARGET = 8.0;
				MTL_ENABLE_DEBUG_INFO = NO;
				SDKROOT = iphoneos;
				VALIDATE_PRODUCT = YES;
				VERSIONING_SYSTEM = "apple-generic";
				VERSION_INFO_PREFIX = "";
			};
			name = Release;
		};
		D955B1AE202FF82A000274AC /* Debug */ = {
			isa = XCBuildConfiguration;
			baseConfigurationReference = 22E206646D407E09F01C771E /* Pods-RNBindingX.debug.xcconfig */;
			buildSettings = {
				CODE_SIGN_IDENTITY = "";
				CODE_SIGN_STYLE = Automatic;
				DEFINES_MODULE = YES;
				DEVELOPMENT_TEAM = 6L37LAR3GU;
				DYLIB_COMPATIBILITY_VERSION = 1;
				DYLIB_CURRENT_VERSION = 1;
				DYLIB_INSTALL_NAME_BASE = "@rpath";
				INFOPLIST_FILE = RNBindingX/Info.plist;
				INSTALL_PATH = "$(LOCAL_LIBRARY_DIR)/Frameworks";
				LD_RUNPATH_SEARCH_PATHS = "$(inherited) @executable_path/Frameworks @loader_path/Frameworks";
				PRODUCT_BUNDLE_IDENTIFIER = com.alibaba.RNBindingX;
				PRODUCT_NAME = "$(TARGET_NAME:c99extidentifier)";
				SKIP_INSTALL = YES;
				TARGETED_DEVICE_FAMILY = "1,2";
			};
			name = Debug;
		};
		D955B1AF202FF82A000274AC /* Release */ = {
			isa = XCBuildConfiguration;
			baseConfigurationReference = BB15E6679FBB269F8447243B /* Pods-RNBindingX.release.xcconfig */;
			buildSettings = {
				CODE_SIGN_IDENTITY = "";
				CODE_SIGN_STYLE = Automatic;
				DEFINES_MODULE = YES;
				DEVELOPMENT_TEAM = 6L37LAR3GU;
				DYLIB_COMPATIBILITY_VERSION = 1;
				DYLIB_CURRENT_VERSION = 1;
				DYLIB_INSTALL_NAME_BASE = "@rpath";
				INFOPLIST_FILE = RNBindingX/Info.plist;
				INSTALL_PATH = "$(LOCAL_LIBRARY_DIR)/Frameworks";
				LD_RUNPATH_SEARCH_PATHS = "$(inherited) @executable_path/Frameworks @loader_path/Frameworks";
				PRODUCT_BUNDLE_IDENTIFIER = com.alibaba.RNBindingX;
				PRODUCT_NAME = "$(TARGET_NAME:c99extidentifier)";
				SKIP_INSTALL = YES;
				TARGETED_DEVICE_FAMILY = "1,2";
			};
			name = Release;
		};
/* End XCBuildConfiguration section */

/* Begin XCConfigurationList section */
		D955B19F202FF82A000274AC /* Build configuration list for PBXProject "RNBindingX" */ = {
			isa = XCConfigurationList;
			buildConfigurations = (
				D955B1AB202FF82A000274AC /* Debug */,
				D955B1AC202FF82A000274AC /* Release */,
			);
			defaultConfigurationIsVisible = 0;
			defaultConfigurationName = Release;
		};
		D955B1AD202FF82A000274AC /* Build configuration list for PBXNativeTarget "RNBindingX" */ = {
			isa = XCConfigurationList;
			buildConfigurations = (
				D955B1AE202FF82A000274AC /* Debug */,
				D955B1AF202FF82A000274AC /* Release */,
			);
			defaultConfigurationIsVisible = 0;
			defaultConfigurationName = Release;
		};
/* End XCConfigurationList section */
	};
	rootObject = D955B19C202FF82A000274AC /* Project object */;
}
